
Microsoft Visual Studio Solution File, Format Version 12.00
# Visual Studio Version 16
VisualStudioVersion = 16.0.29215.179
MinimumVisualStudioVersion = 10.0.40219.1
Project("{8BC9CEB8-8B4A-11D0-8D11-00A0C91BC942}") = "ReAbyss", "ReAbyss\ReAbyss.vcxproj", "{5E29AFB7-BC20-41D9-B142-6B96CE06B21F}"
EndProject
Global
	GlobalSection(SolutionConfigurationPlatforms) = preSolution
		Debug|x64 = Debug|x64
		Release|x64 = Release|x64
	EndGlobalSection
	GlobalSection(ProjectConfigurationPlatforms) = postSolution
		{5E29AFB7-BC20-41D9-B142-6B96CE06B21F}.Debug|x64.ActiveCfg = Debug|x64
		{5E29AFB7-BC20-41D9-B142-6B96CE06B21F}.Debug|x64.Build.0 = Debug|x64
		{5E29AFB7-BC20-41D9-B142-6B96CE06B21F}.Release|x64.ActiveCfg = Release|x64
		{5E29AFB7-BC20-41D9-B142-6B96CE06B21F}.Release|x64.Build.0 = Release|x64
	EndGlobalSection
	GlobalSection(SolutionProperties) = preSolution
		HideSolutionNode = FALSE
	EndGlobalSection
	GlobalSection(ExtensibilityGlobals) = postSolution
		SolutionGuid = {384153F8-C4A0-4137-A639-1A33EB09F8D6}
	EndGlobalSection
EndGlobal
