<?xml version="1.0" encoding="utf-8"?>
<Project ToolsVersion="4.0" xmlns="http://schemas.microsoft.com/developer/msbuild/2003">
  <ItemGroup>
    <Filter Include="Source Files">
      <UniqueIdentifier>{4FC737F1-C7A5-4376-A066-2A32D752A2FF}</UniqueIdentifier>
      <Extensions>cpp;c;cc;cxx;def;odl;idl;hpj;bat;asm;asmx</Extensions>
    </Filter>
    <Filter Include="Header Files">
      <UniqueIdentifier>{93995380-89BD-4b04-88EB-625FBE52EBFB}</UniqueIdentifier>
      <Extensions>h;hh;hpp;hxx;hm;inl;inc;xsd</Extensions>
    </Filter>
    <Filter Include="Resource Files">
      <UniqueIdentifier>{67DA6AB6-F800-4c08-8B7A-83BB121AAD01}</UniqueIdentifier>
      <Extensions>rc;ico;cur;bmp;dlg;rc2;rct;bin;rgs;gif;jpg;jpeg;jpe;resx;tiff;tif;png;wav;mfcribbon-ms</Extensions>
    </Filter>
  </ItemGroup>
  <ItemGroup>
    <ClCompile Include="App\Main.cpp">
      <Filter>Source Files</Filter>
    </ClCompile>
    <ClCompile Include="app\commons\Game.cpp">
      <Filter>Source Files</Filter>
    </ClCompile>
    <ClCompile Include="app\utils\Collision.cpp">
      <Filter>Source Files</Filter>
    </ClCompile>
    <ClCompile Include="app\scenes\MainScene.cpp">
      <Filter>Source Files</Filter>
    </ClCompile>
    <ClCompile Include="app\commons\base\IApplication.cpp">
      <Filter>Source Files</Filter>
    </ClCompile>
    <ClCompile Include="app\commons\MainApp.cpp">
      <Filter>Source Files</Filter>
    </ClCompile>
    <ClCompile Include="app\datastores\StageDataStore.cpp">
      <Filter>Source Files</Filter>
    </ClCompile>
    <ClCompile Include="app\datastores\parser\MapEntityParser.cpp">
      <Filter>Source Files</Filter>
    </ClCompile>
    <ClCompile Include="app\repositories\StageRepository.cpp">
      <Filter>Source Files</Filter>
    </ClCompile>
    <ClCompile Include="app\utils\TexturePacker\TexturePacker.cpp">
      <Filter>Source Files</Filter>
    </ClCompile>
    <ClCompile Include="app\translators\DoorTranslator.cpp">
      <Filter>Source Files</Filter>
    </ClCompile>
    <ClCompile Include="app\translators\RoomTranslator.cpp">
      <Filter>Source Files</Filter>
    </ClCompile>
    <ClCompile Include="app\translators\MapTranslator.cpp">
      <Filter>Source Files</Filter>
    </ClCompile>
    <ClCompile Include="app\translators\EnemyTranslator.cpp">
      <Filter>Source Files</Filter>
    </ClCompile>
    <ClCompile Include="app\controllers\Camera\Camera.cpp">
      <Filter>Source Files</Filter>
    </ClCompile>
    <ClCompile Include="app\controllers\Camera\CameraWork\base\ICameraWork.cpp">
      <Filter>Source Files</Filter>
    </ClCompile>
    <ClCompile Include="app\controllers\Camera\CameraWork\Door\DoorCameraWork.cpp">
      <Filter>Source Files</Filter>
    </ClCompile>
    <ClCompile Include="app\controllers\Camera\CameraWork\RoomMove\RoomMoveCameraWork.cpp">
      <Filter>Source Files</Filter>
    </ClCompile>
    <ClCompile Include="app\views\Fade\Fade.cpp">
      <Filter>Source Files</Filter>
    </ClCompile>
    <ClCompile Include="app\views\Camera\CameraWork\Door\DoorCameraWorkView.cpp">
      <Filter>Source Files</Filter>
    </ClCompile>
    <ClCompile Include="app\views\Camera\CameraView.cpp">
      <Filter>Source Files</Filter>
    </ClCompile>
    <ClCompile Include="app\views\Stage\StageView.cpp">
      <Filter>Source Files</Filter>
    </ClCompile>
    <ClCompile Include="app\views\World\WorldView.cpp">
      <Filter>Source Files</Filter>
    </ClCompile>
    <ClCompile Include="app\views\Stage\BackGround\BackGroundView.cpp">
      <Filter>Source Files</Filter>
    </ClCompile>
    <ClCompile Include="app\views\Stage\BackGround\BackGroundVM.cpp">
      <Filter>Source Files</Filter>
    </ClCompile>
    <ClCompile Include="app\controllers\ActionSystem\ActionSystem.cpp">
      <Filter>Source Files</Filter>
    </ClCompile>
    <ClCompile Include="app\views\Stage\Bubble\BubbleGenerator.cpp">
      <Filter>Source Files</Filter>
    </ClCompile>
    <ClCompile Include="app\controllers\Stage\Stage.cpp">
      <Filter>Source Files</Filter>
    </ClCompile>
    <ClCompile Include="app\controllers\World\World.cpp">
      <Filter>Source Files</Filter>
    </ClCompile>
    <ClCompile Include="app\models\Camera\CameraModel.cpp">
      <Filter>Source Files</Filter>
    </ClCompile>
    <ClCompile Include="app\models\Collision\CollisionModel.cpp">
      <Filter>Source Files</Filter>
    </ClCompile>
    <ClCompile Include="app\models\Room\RoomModel.cpp">
      <Filter>Source Files</Filter>
    </ClCompile>
    <ClCompile Include="app\controllers\ActorsHolder\ActorsHolder.cpp">
      <Filter>Source Files</Filter>
    </ClCompile>
    <ClCompile Include="app\controllers\Actors\base\IActor.cpp">
      <Filter>Source Files</Filter>
    </ClCompile>
    <ClCompile Include="app\controllers\Actors\base\ICollider.cpp">
      <Filter>Source Files</Filter>
    </ClCompile>
    <ClCompile Include="app\controllers\Actors\Door\DoorActor.cpp">
      <Filter>Source Files</Filter>
    </ClCompile>
    <ClCompile Include="app\controllers\Actors\Enemy\EnemyActor.cpp">
      <Filter>Source Files</Filter>
    </ClCompile>
    <ClCompile Include="app\controllers\Actors\Floor\FloorActor.cpp">
      <Filter>Source Files</Filter>
    </ClCompile>
    <ClCompile Include="app\views\Actors\base\IActorView.cpp">
      <Filter>Source Files</Filter>
    </ClCompile>
    <ClCompile Include="app\views\Actors\Player\Shot\PlayerShotView.cpp">
      <Filter>Source Files</Filter>
    </ClCompile>
    <ClCompile Include="app\views\Actors\Player\PlayerView.cpp">
      <Filter>Source Files</Filter>
    </ClCompile>
    <ClCompile Include="app\views\Actors\Slime\SlimeView.cpp">
      <Filter>Source Files</Filter>
    </ClCompile>
    <ClCompile Include="app\controllers\Actors\Ladder\LadderActor.cpp">
      <Filter>Source Files</Filter>
    </ClCompile>
    <ClCompile Include="app\controllers\Actors\Map\MapActor.cpp">
      <Filter>Source Files</Filter>
    </ClCompile>
    <ClCompile Include="app\controllers\Actors\PenetrateFloor\PenetrateFloorActor.cpp">
      <Filter>Source Files</Filter>
    </ClCompile>
    <ClCompile Include="app\controllers\Actors\Player\PlayerActor.cpp">
      <Filter>Source Files</Filter>
    </ClCompile>
    <ClCompile Include="app\controllers\Actors\Player\Shot\PlayerShotActor.cpp">
      <Filter>Source Files</Filter>
    </ClCompile>
    <ClCompile Include="app\controllers\Actors\Slime\SlimeActor.cpp">
      <Filter>Source Files</Filter>
    </ClCompile>
  </ItemGroup>
  <ItemGroup>
    <ResourceCompile Include="Resource.rc">
      <Filter>Resource Files</Filter>
    </ResourceCompile>
  </ItemGroup>
  <ItemGroup>
    <ClInclude Include="app\commons\Constants.hpp">
      <Filter>Header Files</Filter>
    </ClInclude>
    <ClInclude Include="app\commons\Fwd.hpp">
      <Filter>Header Files</Filter>
    </ClInclude>
    <ClInclude Include="app\commons\Game.hpp">
      <Filter>Header Files</Filter>
    </ClInclude>
    <ClInclude Include="app\utils\Collision.hpp">
      <Filter>Header Files</Filter>
    </ClInclude>
    <ClInclude Include="app\utils\Singleton.hpp">
      <Filter>Header Files</Filter>
    </ClInclude>
    <ClInclude Include="app\utils\Visitor.hpp">
      <Filter>Header Files</Filter>
    </ClInclude>
    <ClInclude Include="app\types\CollisionPairHash.hpp">
      <Filter>Header Files</Filter>
    </ClInclude>
    <ClInclude Include="app\types\CShape.hpp">
      <Filter>Header Files</Filter>
    </ClInclude>
    <ClInclude Include="app\scenes\base\ISceneBase.hpp">
      <Filter>Header Files</Filter>
    </ClInclude>
    <ClInclude Include="app\scenes\MainScene.hpp">
      <Filter>Header Files</Filter>
    </ClInclude>
    <ClInclude Include="app\commons\base\IApplication.hpp">
      <Filter>Header Files</Filter>
    </ClInclude>
    <ClInclude Include="app\commons\MainApp.hpp">
      <Filter>Header Files</Filter>
    </ClInclude>
    <ClInclude Include="app\datastores\StageDataStore.hpp">
      <Filter>Header Files</Filter>
    </ClInclude>
    <ClInclude Include="app\entities\DoorEntity.hpp">
      <Filter>Header Files</Filter>
    </ClInclude>
    <ClInclude Include="app\entities\EnemyEntity.hpp">
      <Filter>Header Files</Filter>
    </ClInclude>
    <ClInclude Include="app\entities\MapEntity.hpp">
      <Filter>Header Files</Filter>
    </ClInclude>
    <ClInclude Include="app\entities\PlayerEntity.hpp">
      <Filter>Header Files</Filter>
    </ClInclude>
    <ClInclude Include="app\entities\RoomEntity.hpp">
      <Filter>Header Files</Filter>
    </ClInclude>
    <ClInclude Include="app\types\ColDirection.hpp">
      <Filter>Header Files</Filter>
    </ClInclude>
    <ClInclude Include="app\datastores\parser\MapEntityParser.hpp">
      <Filter>Header Files</Filter>
    </ClInclude>
    <ClInclude Include="app\types\Forward.hpp">
      <Filter>Header Files</Filter>
    </ClInclude>
    <ClInclude Include="app\StaticLibs.hpp">
      <Filter>Header Files</Filter>
    </ClInclude>
    <ClInclude Include="app\repositories\StageRepository.hpp">
      <Filter>Header Files</Filter>
    </ClInclude>
    <ClInclude Include="app\commons\Concept.hpp">
      <Filter>Header Files</Filter>
    </ClInclude>
    <ClInclude Include="app\types\Physics.hpp">
      <Filter>Header Files</Filter>
    </ClInclude>
    <ClInclude Include="app\visitors\ActVisitor.hpp">
      <Filter>Header Files</Filter>
    </ClInclude>
    <ClInclude Include="app\utils\TexturePacker\TexturePacker.hpp">
      <Filter>Header Files</Filter>
    </ClInclude>
    <ClInclude Include="app\translators\DoorTranslator.hpp">
      <Filter>Header Files</Filter>
    </ClInclude>
    <ClInclude Include="app\translators\RoomTranslator.hpp">
      <Filter>Header Files</Filter>
    </ClInclude>
    <ClInclude Include="app\translators\MapTranslator.hpp">
      <Filter>Header Files</Filter>
    </ClInclude>
    <ClInclude Include="app\translators\EnemyTranslator.hpp">
      <Filter>Header Files</Filter>
    </ClInclude>
    <ClInclude Include="app\controllers\ActionSystem\ActionSystem.hpp">
      <Filter>Header Files</Filter>
    </ClInclude>
    <ClInclude Include="app\controllers\Camera\Camera.hpp">
      <Filter>Header Files</Filter>
    </ClInclude>
    <ClInclude Include="app\controllers\Camera\CameraWork\base\ICameraWork.hpp">
      <Filter>Header Files</Filter>
    </ClInclude>
    <ClInclude Include="app\controllers\Camera\CameraWork\RoomMove\RoomMoveCameraWork.hpp">
      <Filter>Header Files</Filter>
    </ClInclude>
    <ClInclude Include="app\controllers\Camera\CameraWork\Door\DoorCameraWork.hpp">
      <Filter>Header Files</Filter>
    </ClInclude>
    <ClInclude Include="app\views\Fade\Fade.hpp">
      <Filter>Header Files</Filter>
    </ClInclude>
    <ClInclude Include="app\views\Camera\CameraWork\Door\DoorCameraWorkView.hpp">
      <Filter>Header Files</Filter>
    </ClInclude>
    <ClInclude Include="app\views\Camera\CameraView.hpp">
      <Filter>Header Files</Filter>
    </ClInclude>
    <ClInclude Include="app\views\Stage\StageView.hpp">
      <Filter>Header Files</Filter>
    </ClInclude>
    <ClInclude Include="app\views\World\WorldView.hpp">
      <Filter>Header Files</Filter>
    </ClInclude>
    <ClInclude Include="app\views\Stage\BackGround\BackGroundView.hpp">
      <Filter>Header Files</Filter>
    </ClInclude>
    <ClInclude Include="app\views\Stage\BackGround\BackGroundVM.hpp">
      <Filter>Header Files</Filter>
    </ClInclude>
    <ClInclude Include="app\views\Stage\Bubble\BubbleEffect.hpp">
      <Filter>Header Files</Filter>
    </ClInclude>
    <ClInclude Include="app\views\Stage\Bubble\BubbleGenerator.hpp">
      <Filter>Header Files</Filter>
    </ClInclude>
    <ClInclude Include="app\controllers\Stage\Stage.hpp">
      <Filter>Header Files</Filter>
    </ClInclude>
    <ClInclude Include="app\controllers\World\World.hpp">
      <Filter>Header Files</Filter>
    </ClInclude>
    <ClInclude Include="app\models\Camera\CameraModel.hpp">
      <Filter>Header Files</Filter>
    </ClInclude>
    <ClInclude Include="app\models\Collision\CollisionModel.hpp">
      <Filter>Header Files</Filter>
    </ClInclude>
    <ClInclude Include="app\models\Room\RoomModel.hpp">
      <Filter>Header Files</Filter>
    </ClInclude>
    <ClInclude Include="app\controllers\ActorsHolder\ActorsHolder.hpp">
      <Filter>Header Files</Filter>
    </ClInclude>
    <ClInclude Include="app\controllers\Actors\base\IActor.hpp">
      <Filter>Header Files</Filter>
    </ClInclude>
    <ClInclude Include="app\controllers\Actors\base\ICollider.hpp">
      <Filter>Header Files</Filter>
    </ClInclude>
    <ClInclude Include="app\controllers\Actors\Door\DoorActor.hpp">
      <Filter>Header Files</Filter>
    </ClInclude>
    <ClInclude Include="app\controllers\Actors\Enemy\EnemyActor.hpp">
      <Filter>Header Files</Filter>
    </ClInclude>
    <ClInclude Include="app\controllers\Actors\Floor\FloorActor.hpp">
      <Filter>Header Files</Filter>
    </ClInclude>
    <ClInclude Include="app\views\Actors\base\IActorView.hpp">
      <Filter>Header Files</Filter>
    </ClInclude>
    <ClInclude Include="app\views\Actors\Player\Shot\PlayerShotEffect.hpp">
      <Filter>Header Files</Filter>
    </ClInclude>
    <ClInclude Include="app\views\Actors\Player\Shot\PlayerShotView.hpp">
      <Filter>Header Files</Filter>
    </ClInclude>
    <ClInclude Include="app\views\Actors\Player\Shot\PlayerShotViewModel.hpp">
      <Filter>Header Files</Filter>
    </ClInclude>
    <ClInclude Include="app\views\Actors\Player\PlayerView.hpp">
      <Filter>Header Files</Filter>
    </ClInclude>
    <ClInclude Include="app\views\Actors\Player\PlayerViewModel.hpp">
      <Filter>Header Files</Filter>
    </ClInclude>
    <ClInclude Include="app\views\Actors\Slime\SlimeView.hpp">
      <Filter>Header Files</Filter>
    </ClInclude>
    <ClInclude Include="app\views\Actors\Slime\SlimeViewModel.hpp">
      <Filter>Header Files</Filter>
    </ClInclude>
    <ClInclude Include="app\controllers\Actors\Ladder\LadderActor.hpp">
      <Filter>Header Files</Filter>
    </ClInclude>
    <ClInclude Include="app\controllers\Actors\Map\MapActor.hpp">
      <Filter>Header Files</Filter>
    </ClInclude>
    <ClInclude Include="app\controllers\Actors\PenetrateFloor\PenetrateFloorActor.hpp">
      <Filter>Header Files</Filter>
    </ClInclude>
    <ClInclude Include="app\controllers\Actors\Player\LadderState.hpp">
      <Filter>Header Files</Filter>
    </ClInclude>
    <ClInclude Include="app\controllers\Actors\Player\PlayerActor.hpp">
      <Filter>Header Files</Filter>
    </ClInclude>
    <ClInclude Include="app\controllers\Actors\Player\Shot\PlayerShotActor.hpp">
      <Filter>Header Files</Filter>
    </ClInclude>
    <ClInclude Include="app\controllers\Actors\Slime\SlimeActor.hpp">
      <Filter>Header Files</Filter>
    </ClInclude>
  </ItemGroup>
</Project>