<?xml version="1.0" encoding="utf-8"?>
<Project ToolsVersion="4.0" xmlns="http://schemas.microsoft.com/developer/msbuild/2003">
  <ItemGroup>
    <Filter Include="Source Files">
      <UniqueIdentifier>{4FC737F1-C7A5-4376-A066-2A32D752A2FF}</UniqueIdentifier>
      <Extensions>cpp;c;cc;cxx;def;odl;idl;hpj;bat;asm;asmx</Extensions>
    </Filter>
    <Filter Include="Header Files">
      <UniqueIdentifier>{93995380-89BD-4b04-88EB-625FBE52EBFB}</UniqueIdentifier>
      <Extensions>h;hh;hpp;hxx;hm;inl;inc;xsd</Extensions>
    </Filter>
    <Filter Include="Resource Files">
      <UniqueIdentifier>{67DA6AB6-F800-4c08-8B7A-83BB121AAD01}</UniqueIdentifier>
      <Extensions>rc;ico;cur;bmp;dlg;rc2;rct;bin;rgs;gif;jpg;jpeg;jpe;resx;tiff;tif;png;wav;mfcribbon-ms</Extensions>
    </Filter>
  </ItemGroup>
  <ItemGroup>
    <ClCompile Include="App\Main.cpp">
      <Filter>Source Files</Filter>
    </ClCompile>
    <ClCompile Include="app\commons\Game.cpp">
      <Filter>Source Files</Filter>
    </ClCompile>
    <ClCompile Include="app\utils\Collision.cpp">
      <Filter>Source Files</Filter>
    </ClCompile>
    <ClCompile Include="app\scenes\MainScene.cpp">
      <Filter>Source Files</Filter>
    </ClCompile>
    <ClCompile Include="app\commons\base\IApplication.cpp">
      <Filter>Source Files</Filter>
    </ClCompile>
    <ClCompile Include="app\commons\MainApp.cpp">
      <Filter>Source Files</Filter>
    </ClCompile>
    <ClCompile Include="app\datastores\StageDataStore.cpp">
      <Filter>Source Files</Filter>
    </ClCompile>
    <ClCompile Include="app\datastores\parser\MapEntityParser.cpp">
      <Filter>Source Files</Filter>
    </ClCompile>
    <ClCompile Include="app\repositories\StageRepository.cpp">
      <Filter>Source Files</Filter>
    </ClCompile>
    <ClCompile Include="app\models\actors\base\ICollider.cpp">
      <Filter>Source Files</Filter>
    </ClCompile>
    <ClCompile Include="app\models\actors\base\IActor.cpp">
      <Filter>Source Files</Filter>
    </ClCompile>
    <ClCompile Include="app\translators\Room\RoomTranslator.cpp">
      <Filter>Source Files</Filter>
    </ClCompile>
    <ClCompile Include="app\models\Room\RoomModel.cpp">
      <Filter>Source Files</Filter>
    </ClCompile>
    <ClCompile Include="app\models\actors\ActorsModel.cpp">
      <Filter>Source Files</Filter>
    </ClCompile>
    <ClCompile Include="app\models\Collision\CollisionModel.cpp">
      <Filter>Source Files</Filter>
    </ClCompile>
    <ClCompile Include="app\models\Camera\CameraModel.cpp">
      <Filter>Source Files</Filter>
    </ClCompile>
    <ClCompile Include="app\models\Camera\CameraWork.cpp">
      <Filter>Source Files</Filter>
    </ClCompile>
    <ClCompile Include="app\translators\Slime\SlimeTranslator.cpp">
      <Filter>Source Files</Filter>
    </ClCompile>
    <ClCompile Include="app\models\Stage\StageModel.cpp">
      <Filter>Source Files</Filter>
    </ClCompile>
    <ClCompile Include="app\views\World\WorldView.cpp">
      <Filter>Source Files</Filter>
    </ClCompile>
    <ClCompile Include="app\models\MainScene\MainSceneModel.cpp">
      <Filter>Source Files</Filter>
    </ClCompile>
    <ClCompile Include="app\models\World\WorldModel.cpp">
      <Filter>Source Files</Filter>
    </ClCompile>
    <ClCompile Include="app\models\Camera\CameraManager.cpp">
      <Filter>Source Files</Filter>
    </ClCompile>
    <ClCompile Include="app\models\actors\Player\PlayerActor.cpp">
      <Filter>Source Files</Filter>
    </ClCompile>
    <ClCompile Include="app\models\actors\Map\MapActor.cpp">
      <Filter>Source Files</Filter>
    </ClCompile>
    <ClCompile Include="app\models\actors\PenetrateFloor\PenetrateFloorActor.cpp">
      <Filter>Source Files</Filter>
    </ClCompile>
    <ClCompile Include="app\models\actors\Floor\FloorActor.cpp">
      <Filter>Source Files</Filter>
    </ClCompile>
    <ClCompile Include="app\models\actors\Enemy\EnemyActor.cpp">
      <Filter>Source Files</Filter>
    </ClCompile>
    <ClCompile Include="app\models\actors\Slime\SlimeActor.cpp">
      <Filter>Source Files</Filter>
    </ClCompile>
    <ClCompile Include="app\models\actors\Ladder\LadderActor.cpp">
      <Filter>Source Files</Filter>
    </ClCompile>
    <ClCompile Include="app\models\actors\Player\Shot\PlayerShotActor.cpp">
      <Filter>Source Files</Filter>
    </ClCompile>
    <ClCompile Include="app\models\actors\Door\DoorActor.cpp">
      <Filter>Source Files</Filter>
    </ClCompile>
  </ItemGroup>
  <ItemGroup>
    <ResourceCompile Include="Resource.rc">
      <Filter>Resource Files</Filter>
    </ResourceCompile>
  </ItemGroup>
  <ItemGroup>
    <ClInclude Include="app\commons\Constants.hpp">
      <Filter>Header Files</Filter>
    </ClInclude>
    <ClInclude Include="app\commons\Fwd.hpp">
      <Filter>Header Files</Filter>
    </ClInclude>
    <ClInclude Include="app\commons\Game.hpp">
      <Filter>Header Files</Filter>
    </ClInclude>
    <ClInclude Include="app\utils\Collision.hpp">
      <Filter>Header Files</Filter>
    </ClInclude>
    <ClInclude Include="app\utils\Singleton.hpp">
      <Filter>Header Files</Filter>
    </ClInclude>
    <ClInclude Include="app\utils\Visitor.hpp">
      <Filter>Header Files</Filter>
    </ClInclude>
    <ClInclude Include="app\types\CollisionPairHash.hpp">
      <Filter>Header Files</Filter>
    </ClInclude>
    <ClInclude Include="app\types\CShape.hpp">
      <Filter>Header Files</Filter>
    </ClInclude>
    <ClInclude Include="app\scenes\base\ISceneBase.hpp">
      <Filter>Header Files</Filter>
    </ClInclude>
    <ClInclude Include="app\scenes\MainScene.hpp">
      <Filter>Header Files</Filter>
    </ClInclude>
    <ClInclude Include="app\commons\base\IApplication.hpp">
      <Filter>Header Files</Filter>
    </ClInclude>
    <ClInclude Include="app\commons\MainApp.hpp">
      <Filter>Header Files</Filter>
    </ClInclude>
    <ClInclude Include="app\datastores\StageDataStore.hpp">
      <Filter>Header Files</Filter>
    </ClInclude>
    <ClInclude Include="app\entities\DoorEntity.hpp">
      <Filter>Header Files</Filter>
    </ClInclude>
    <ClInclude Include="app\entities\EnemyEntity.hpp">
      <Filter>Header Files</Filter>
    </ClInclude>
    <ClInclude Include="app\entities\MapEntity.hpp">
      <Filter>Header Files</Filter>
    </ClInclude>
    <ClInclude Include="app\entities\PlayerEntity.hpp">
      <Filter>Header Files</Filter>
    </ClInclude>
    <ClInclude Include="app\entities\RoomEntity.hpp">
      <Filter>Header Files</Filter>
    </ClInclude>
    <ClInclude Include="app\types\ColDirection.hpp">
      <Filter>Header Files</Filter>
    </ClInclude>
    <ClInclude Include="app\datastores\parser\MapEntityParser.hpp">
      <Filter>Header Files</Filter>
    </ClInclude>
    <ClInclude Include="app\types\Forward.hpp">
      <Filter>Header Files</Filter>
    </ClInclude>
    <ClInclude Include="app\StaticLibs.hpp">
      <Filter>Header Files</Filter>
    </ClInclude>
    <ClInclude Include="app\repositories\StageRepository.hpp">
      <Filter>Header Files</Filter>
    </ClInclude>
    <ClInclude Include="app\models\actors\base\ICollider.hpp">
      <Filter>Header Files</Filter>
    </ClInclude>
    <ClInclude Include="app\models\actors\base\IActor.hpp">
      <Filter>Header Files</Filter>
    </ClInclude>
    <ClInclude Include="app\commons\Concept.hpp">
      <Filter>Header Files</Filter>
    </ClInclude>
    <ClInclude Include="app\translators\Room\RoomTranslator.hpp">
      <Filter>Header Files</Filter>
    </ClInclude>
    <ClInclude Include="app\models\Room\RoomModel.hpp">
      <Filter>Header Files</Filter>
    </ClInclude>
    <ClInclude Include="app\models\actors\ActorsModel.hpp">
      <Filter>Header Files</Filter>
    </ClInclude>
    <ClInclude Include="app\models\Collision\CollisionModel.hpp">
      <Filter>Header Files</Filter>
    </ClInclude>
    <ClInclude Include="app\models\Camera\CameraModel.hpp">
      <Filter>Header Files</Filter>
    </ClInclude>
    <ClInclude Include="app\models\Camera\CameraWork.hpp">
      <Filter>Header Files</Filter>
    </ClInclude>
    <ClInclude Include="app\translators\Slime\SlimeTranslator.hpp">
      <Filter>Header Files</Filter>
    </ClInclude>
    <ClInclude Include="app\models\World\WorldModel.hpp">
      <Filter>Header Files</Filter>
    </ClInclude>
    <ClInclude Include="app\models\Stage\StageModel.hpp">
      <Filter>Header Files</Filter>
    </ClInclude>
    <ClInclude Include="app\views\World\WorldView.hpp">
      <Filter>Header Files</Filter>
    </ClInclude>
    <ClInclude Include="app\models\MainScene\MainSceneModel.hpp">
      <Filter>Header Files</Filter>
    </ClInclude>
    <ClInclude Include="app\models\Camera\CameraManager.hpp">
      <Filter>Header Files</Filter>
    </ClInclude>
    <ClInclude Include="app\models\actors\Player\PlayerActor.hpp">
      <Filter>Header Files</Filter>
    </ClInclude>
    <ClInclude Include="app\models\actors\Player\LadderState.hpp">
      <Filter>Header Files</Filter>
    </ClInclude>
    <ClInclude Include="app\types\Physics.hpp">
      <Filter>Header Files</Filter>
    </ClInclude>
    <ClInclude Include="app\visitors\ActVisitor.hpp">
      <Filter>Header Files</Filter>
    </ClInclude>
    <ClInclude Include="app\models\actors\Map\MapActor.hpp">
      <Filter>Header Files</Filter>
    </ClInclude>
    <ClInclude Include="app\models\actors\PenetrateFloor\PenetrateFloorActor.hpp">
      <Filter>Header Files</Filter>
    </ClInclude>
    <ClInclude Include="app\models\actors\Floor\FloorActor.hpp">
      <Filter>Header Files</Filter>
    </ClInclude>
    <ClInclude Include="app\models\actors\Enemy\EnemyActor.hpp">
      <Filter>Header Files</Filter>
    </ClInclude>
    <ClInclude Include="app\models\actors\Slime\SlimeActor.hpp">
      <Filter>Header Files</Filter>
    </ClInclude>
    <ClInclude Include="app\models\actors\Ladder\LadderActor.hpp">
      <Filter>Header Files</Filter>
    </ClInclude>
    <ClInclude Include="app\models\actors\Player\Shot\PlayerShotActor.hpp">
      <Filter>Header Files</Filter>
    </ClInclude>
    <ClInclude Include="app\models\actors\Door\DoorActor.hpp">
      <Filter>Header Files</Filter>
    </ClInclude>
  </ItemGroup>
</Project>