<?xml version="1.0" encoding="utf-8"?>
<Project ToolsVersion="4.0" xmlns="http://schemas.microsoft.com/developer/msbuild/2003">
  <ItemGroup>
    <Filter Include="Source Files">
      <UniqueIdentifier>{4FC737F1-C7A5-4376-A066-2A32D752A2FF}</UniqueIdentifier>
      <Extensions>cpp;c;cc;cxx;def;odl;idl;hpj;bat;asm;asmx</Extensions>
    </Filter>
    <Filter Include="Resource Files">
      <UniqueIdentifier>{67DA6AB6-F800-4c08-8B7A-83BB121AAD01}</UniqueIdentifier>
      <Extensions>rc;ico;cur;bmp;dlg;rc2;rct;bin;rgs;gif;jpg;jpeg;jpe;resx;tiff;tif;png;wav;mfcribbon-ms</Extensions>
    </Filter>
    <Filter Include="Source Files\ActionSystem">
      <UniqueIdentifier>{65c533bf-0a60-40da-89cf-a9dcb8773ba6}</UniqueIdentifier>
    </Filter>
    <Filter Include="Source Files\ActionSystem\Actors">
      <UniqueIdentifier>{4ed75028-8fad-4bb3-8c11-26a92e0281b6}</UniqueIdentifier>
    </Filter>
    <Filter Include="Source Files\ActionSystem\Actors\Player">
      <UniqueIdentifier>{113a4507-7d43-4764-ac77-bc3e860a1e60}</UniqueIdentifier>
    </Filter>
    <Filter Include="Source Files\ActionSystem\Actors\Enemy">
      <UniqueIdentifier>{834760a1-922b-44e8-b4fc-709a9922fb6a}</UniqueIdentifier>
    </Filter>
    <Filter Include="Source Files\ActionSystem\Actors\Enemy\Slime">
      <UniqueIdentifier>{452b5457-3fa5-428e-b92e-c7f8f6866e1b}</UniqueIdentifier>
    </Filter>
    <Filter Include="Source Files\ActionSystem\Actors\Map">
      <UniqueIdentifier>{c8295ea9-8dad-4065-8db3-074c170b0418}</UniqueIdentifier>
    </Filter>
    <Filter Include="Source Files\ActionSystem\Actors\Door">
      <UniqueIdentifier>{b1986559-b1a3-4159-a830-44f2630ed560}</UniqueIdentifier>
    </Filter>
    <Filter Include="Source Files\ActionSystem\Camera">
      <UniqueIdentifier>{1af9ce78-e608-4e06-bc4a-8d717b70cd27}</UniqueIdentifier>
    </Filter>
    <Filter Include="Source Files\ActionSystem\Camera\CameraWork">
      <UniqueIdentifier>{fd42a3c3-1637-4b82-abaf-e84d986f7f48}</UniqueIdentifier>
    </Filter>
    <Filter Include="Source Files\ActionSystem\Stage">
      <UniqueIdentifier>{562437fb-1526-4393-94e3-ff6fe0ba3fad}</UniqueIdentifier>
    </Filter>
    <Filter Include="Source Files\ActionSystem\Stage\Bubble">
      <UniqueIdentifier>{2ee81209-1d6f-45bf-af5e-d50fff6eedb7}</UniqueIdentifier>
    </Filter>
    <Filter Include="Source Files\ActionSystem\Stage\BackGround">
      <UniqueIdentifier>{1f8a51b4-54db-4d88-8871-fd324db532ed}</UniqueIdentifier>
    </Filter>
    <Filter Include="Source Files\ActionSystem\Collision">
      <UniqueIdentifier>{d5820315-c637-4401-a369-03e1a368c14a}</UniqueIdentifier>
    </Filter>
    <Filter Include="Source Files\Utils">
      <UniqueIdentifier>{cb95d633-8062-4ad4-bb2d-68e6692e96ba}</UniqueIdentifier>
    </Filter>
    <Filter Include="Source Files\Commons">
      <UniqueIdentifier>{86768428-2965-4fce-8fe2-43b7cf034278}</UniqueIdentifier>
    </Filter>
    <Filter Include="Source Files\Commons\Game">
      <UniqueIdentifier>{bba1475b-a1fc-48eb-a005-6b1f9c66396e}</UniqueIdentifier>
    </Filter>
    <Filter Include="Source Files\Commons\Appication">
      <UniqueIdentifier>{e9fcbc7c-6720-46a7-8e0a-706489fbd8c7}</UniqueIdentifier>
    </Filter>
    <Filter Include="Source Files\Scene">
      <UniqueIdentifier>{2f2501c0-3e06-471a-972c-831f116069ee}</UniqueIdentifier>
    </Filter>
    <Filter Include="Source Files\Scene\Fade">
      <UniqueIdentifier>{6ad2f113-d0f6-4232-9d2a-903ae595e2e5}</UniqueIdentifier>
    </Filter>
    <Filter Include="Source Files\Scene\MainScene">
      <UniqueIdentifier>{d2797583-4281-400f-be5e-adcbdc0ccb91}</UniqueIdentifier>
    </Filter>
    <Filter Include="Source Files\ActionSystem\Types">
      <UniqueIdentifier>{e183fa2c-e2d1-4683-8104-3381bf8acc55}</UniqueIdentifier>
    </Filter>
    <Filter Include="Source Files\ActionSystem\Room">
      <UniqueIdentifier>{9c02b681-0f1c-4102-9523-ae897d215dcc}</UniqueIdentifier>
    </Filter>
    <Filter Include="Source Files\ActionSystem\World">
      <UniqueIdentifier>{e81f234b-b699-4392-9701-b9a31d26dd71}</UniqueIdentifier>
    </Filter>
    <Filter Include="Source Files\ActionSystem\Actors\base">
      <UniqueIdentifier>{dd1261e5-51f8-487e-9da0-53650b32a525}</UniqueIdentifier>
    </Filter>
    <Filter Include="Source Files\ActionSystem\Actors\Player\Shot">
      <UniqueIdentifier>{3878cdaf-0eef-4653-9f87-88d0cb953f22}</UniqueIdentifier>
    </Filter>
    <Filter Include="Source Files\ActionSystem\Actors\Map\Floor">
      <UniqueIdentifier>{4d7eddaa-cfc5-4f85-86a3-dd5ccfc4e954}</UniqueIdentifier>
    </Filter>
    <Filter Include="Source Files\ActionSystem\Actors\Map\Ladder">
      <UniqueIdentifier>{c29f224d-6213-440f-bfb4-4730756fc2f5}</UniqueIdentifier>
    </Filter>
    <Filter Include="Source Files\ActionSystem\Actors\Map\PenetarteFloor">
      <UniqueIdentifier>{296a6191-5e06-409a-85dd-2c83b739b276}</UniqueIdentifier>
    </Filter>
  </ItemGroup>
  <ItemGroup>
    <ClCompile Include="App\Main.cpp">
      <Filter>Source Files</Filter>
    </ClCompile>
    <ClCompile Include="app\models\Camera\CameraModel.cpp">
      <Filter>Source Files\ActionSystem\Camera</Filter>
    </ClCompile>
    <ClCompile Include="app\views\Camera\CameraView.cpp">
      <Filter>Source Files\ActionSystem\Camera</Filter>
    </ClCompile>
    <ClCompile Include="app\models\Collision\CollisionModel.cpp">
      <Filter>Source Files\ActionSystem\Collision</Filter>
    </ClCompile>
    <ClCompile Include="app\utils\TexturePacker\TexturePacker.cpp">
      <Filter>Source Files\Utils</Filter>
    </ClCompile>
    <ClCompile Include="app\models\Room\RoomModel.cpp">
      <Filter>Source Files\ActionSystem\Room</Filter>
    </ClCompile>
    <ClCompile Include="app\commons\Application\MainApp.cpp">
      <Filter>Source Files\Commons\Appication</Filter>
    </ClCompile>
    <ClCompile Include="app\commons\Application\base\IApplication.cpp">
      <Filter>Source Files\Commons\Appication</Filter>
    </ClCompile>
    <ClCompile Include="app\commons\Game\Game.cpp">
      <Filter>Source Files\Commons\Game</Filter>
    </ClCompile>
    <ClCompile Include="app\scenes\Main\MainScene.cpp">
      <Filter>Source Files\Scene\MainScene</Filter>
    </ClCompile>
    <ClCompile Include="app\translators\Enemy\EnemyTranslator.cpp">
      <Filter>Source Files\ActionSystem\Actors\Enemy</Filter>
    </ClCompile>
    <ClCompile Include="app\translators\Map\MapTranslator.cpp">
      <Filter>Source Files\ActionSystem\Actors\Map</Filter>
    </ClCompile>
    <ClCompile Include="app\translators\Room\RoomTranslator.cpp">
      <Filter>Source Files\ActionSystem\Room</Filter>
    </ClCompile>
    <ClCompile Include="tests\tests\Stage\StageCatch.cpp">
      <Filter>Source Files</Filter>
    </ClCompile>
    <ClCompile Include="app\commons\InputManager\InputManager.cpp">
      <Filter>Source Files</Filter>
    </ClCompile>
    <ClCompile Include="app\models\Light\LightModel.cpp">
      <Filter>Source Files</Filter>
    </ClCompile>
    <ClCompile Include="app\views\Light\LightView.cpp">
      <Filter>Source Files</Filter>
    </ClCompile>
    <ClCompile Include="app\views\Light\LightVM.cpp">
      <Filter>Source Files</Filter>
    </ClCompile>
    <ClCompile Include="app\debugs\DebugManager\DebugManager.cpp">
      <Filter>Source Files</Filter>
    </ClCompile>
    <ClCompile Include="app\models\Collision\FixPos.cpp">
      <Filter>Source Files</Filter>
    </ClCompile>
    <ClCompile Include="app\models\Collision\CollisionUtil.cpp">
      <Filter>Source Files</Filter>
    </ClCompile>
    <ClCompile Include="app\utils\StopwatchEx\StopwatchEx.cpp">
      <Filter>Source Files</Filter>
    </ClCompile>
    <ClCompile Include="app\utils\TimerEx\TimerEx.cpp">
      <Filter>Source Files</Filter>
    </ClCompile>
    <ClCompile Include="app\stdafx.cpp">
      <Filter>Source Files</Filter>
    </ClCompile>
    <ClCompile Include="app\translators\Gimmick\GimmickTranslator.cpp">
      <Filter>Source Files</Filter>
    </ClCompile>
    <ClCompile Include="app\datastores\base\TmxDataStore.cpp">
      <Filter>Source Files</Filter>
    </ClCompile>
    <ClCompile Include="app\datastores\BackGround\TmxBackGroundDataStore.cpp">
      <Filter>Source Files</Filter>
    </ClCompile>
    <ClCompile Include="app\datastores\Room\TmxRoomDataStore.cpp">
      <Filter>Source Files</Filter>
    </ClCompile>
    <ClCompile Include="app\datastores\Actors\Enemy\TmxEnemyDataStore.cpp">
      <Filter>Source Files</Filter>
    </ClCompile>
    <ClCompile Include="app\datastores\Actors\Enemy\parser\TmxEnemyParser.cpp">
      <Filter>Source Files</Filter>
    </ClCompile>
    <ClCompile Include="app\datastores\Actors\Gimmick\TmxGimmickDataStore.cpp">
      <Filter>Source Files</Filter>
    </ClCompile>
    <ClCompile Include="app\datastores\Actors\Gimmick\parser\TmxGimmickParser.cpp">
      <Filter>Source Files</Filter>
    </ClCompile>
    <ClCompile Include="app\datastores\Actors\Map\TmxMapDataStore.cpp">
      <Filter>Source Files</Filter>
    </ClCompile>
    <ClCompile Include="app\datastores\Actors\Map\parser\TmxMapParser.cpp">
      <Filter>Source Files</Filter>
    </ClCompile>
    <ClCompile Include="app\services\BackGround\BackGroundService.cpp">
      <Filter>Source Files</Filter>
    </ClCompile>
    <ClCompile Include="app\translators\BackGround\BackGroundTranslator.cpp">
      <Filter>Source Files</Filter>
    </ClCompile>
    <ClCompile Include="app\views\BackGround\BackGroundView.cpp">
      <Filter>Source Files\ActionSystem\Stage\BackGround</Filter>
    </ClCompile>
    <ClCompile Include="app\views\BackGround\BackGroundVM.cpp">
      <Filter>Source Files\ActionSystem\Stage\BackGround</Filter>
    </ClCompile>
    <ClCompile Include="app\views\BackGround\Wave\WaveShader.cpp">
      <Filter>Source Files</Filter>
    </ClCompile>
    <ClCompile Include="app\services\Stage\StageService.cpp">
      <Filter>Source Files</Filter>
    </ClCompile>
    <ClCompile Include="app\models\Event\Talk\SerifModel.cpp">
      <Filter>Source Files</Filter>
    </ClCompile>
    <ClCompile Include="app\services\Event\Talk\TalkService.cpp">
      <Filter>Source Files</Filter>
    </ClCompile>
    <ClCompile Include="app\utils\EffectEx\EffectEx.cpp">
      <Filter>Source Files</Filter>
    </ClCompile>
    <ClCompile Include="app\views\Stage\Bubble\BubbleEffect.cpp">
      <Filter>Source Files</Filter>
    </ClCompile>
    <ClCompile Include="app\utils\IntervalTimer\IntervalTimer.cpp">
      <Filter>Source Files</Filter>
    </ClCompile>
    <ClCompile Include="app\views\util\MaskUtil\MaskUtil.cpp">
      <Filter>Source Files</Filter>
    </ClCompile>
    <ClCompile Include="app\views\Actors\Common\EnemyDeadEffect.cpp">
      <Filter>Source Files</Filter>
    </ClCompile>
    <ClCompile Include="app\views\Actors\Player\Shot\ShotVM.cpp">
      <Filter>Source Files</Filter>
    </ClCompile>
    <ClCompile Include="app\views\Actors\Player\PlayerVM.cpp">
      <Filter>Source Files</Filter>
    </ClCompile>
    <ClCompile Include="app\debugs\HotReload\HotReload.cpp">
      <Filter>Source Files</Filter>
    </ClCompile>
    <ClCompile Include="app\utils\Key\KeyGroupEx\KeyGroupEx.cpp">
      <Filter>Source Files</Filter>
    </ClCompile>
    <ClCompile Include="app\utils\Key\KeyPovD8\KeyPovD8.cpp">
      <Filter>Source Files</Filter>
    </ClCompile>
    <ClCompile Include="app\views\Actors\Enemy\CaptainTako\Shot\ShotVM.cpp">
      <Filter>Source Files</Filter>
    </ClCompile>
    <ClCompile Include="app\views\Actors\Enemy\CaptainTako\CpatainTakoVM.cpp">
      <Filter>Source Files</Filter>
    </ClCompile>
    <ClCompile Include="app\views\Actors\Enemy\CodeZero\Body\BodyVM.cpp">
      <Filter>Source Files</Filter>
    </ClCompile>
    <ClCompile Include="app\views\Actors\Enemy\CodeZero\Hand\HandVM.cpp">
      <Filter>Source Files</Filter>
    </ClCompile>
    <ClCompile Include="app\views\Actors\Enemy\CodeZero\Head\HeadVM.cpp">
      <Filter>Source Files</Filter>
    </ClCompile>
    <ClCompile Include="app\views\Actors\Enemy\CodeZero\Shot\ShotVM.cpp">
      <Filter>Source Files</Filter>
    </ClCompile>
    <ClCompile Include="app\views\Actors\Enemy\Ikalien\IkalienVM.cpp">
      <Filter>Source Files</Filter>
    </ClCompile>
    <ClCompile Include="app\views\Actors\Enemy\LaunShark\Shot\ShotVM.cpp">
      <Filter>Source Files</Filter>
    </ClCompile>
    <ClCompile Include="app\views\Actors\Enemy\LaunShark\LaunSharkVM.cpp">
      <Filter>Source Files</Filter>
    </ClCompile>
    <ClCompile Include="app\views\Actors\Enemy\RollingTako\RollingTakoVM.cpp">
      <Filter>Source Files</Filter>
    </ClCompile>
    <ClCompile Include="app\views\Actors\Enemy\Schield\Shot\ShotVM.cpp">
      <Filter>Source Files</Filter>
    </ClCompile>
    <ClCompile Include="app\views\Actors\Enemy\Schield\SchieldVM.cpp">
      <Filter>Source Files</Filter>
    </ClCompile>
    <ClCompile Include="app\views\Actors\Enemy\Slime\SlimeVM.cpp">
      <Filter>Source Files</Filter>
    </ClCompile>
    <ClCompile Include="app\models\Actors\Gimmick\Door\DoorModel.cpp">
      <Filter>Source Files</Filter>
    </ClCompile>
    <ClCompile Include="app\models\Actors\Gimmick\StartPos\StartPosListModel.cpp">
      <Filter>Source Files</Filter>
    </ClCompile>
    <ClCompile Include="app\models\Actors\Gimmick\StartPos\StartPosModel.cpp">
      <Filter>Source Files</Filter>
    </ClCompile>
    <ClCompile Include="app\views\util\Fade\Fade.cpp">
      <Filter>Source Files\Scene\Fade</Filter>
    </ClCompile>
    <ClCompile Include="app\utils\AudioSetting\AudioSetting.cpp">
      <Filter>Source Files</Filter>
    </ClCompile>
    <ClCompile Include="app\utils\FileUtil\FileUtil.cpp">
      <Filter>Source Files</Filter>
    </ClCompile>
    <ClCompile Include="app\views\UI\BossHPBar\BossHPBarVM.cpp">
      <Filter>Source Files</Filter>
    </ClCompile>
    <ClCompile Include="app\views\Actors\Ooparts\Xto\XtoVM.cpp">
      <Filter>Source Files</Filter>
    </ClCompile>
    <ClCompile Include="app\views\Actors\Common\KiraKiraEffect.cpp">
      <Filter>Source Files</Filter>
    </ClCompile>
    <ClCompile Include="app\utils\Axis2\Axis2.cpp">
      <Filter>Source Files</Filter>
    </ClCompile>
    <ClCompile Include="app\views\Actors\Ooparts\Nyan\NyanVM.cpp">
      <Filter>Source Files</Filter>
    </ClCompile>
    <ClCompile Include="app\views\BackGround\WaterSarface\WaterSarfaceView.cpp">
      <Filter>Source Files</Filter>
    </ClCompile>
    <ClCompile Include="app\views\BackGround\Sky\SkyShader.cpp">
      <Filter>Source Files</Filter>
    </ClCompile>
    <ClCompile Include="app\views\BackGround\Sky\SkyView.cpp">
      <Filter>Source Files</Filter>
    </ClCompile>
    <ClCompile Include="app\models\Camera\QuakeModel.cpp">
      <Filter>Source Files</Filter>
    </ClCompile>
    <ClCompile Include="app\views\Actors\Common\BreathEffect.cpp">
      <Filter>Source Files</Filter>
    </ClCompile>
    <ClCompile Include="app\utils\AudioSetting\AudioSettingReader.cpp">
      <Filter>Source Files</Filter>
    </ClCompile>
    <ClCompile Include="app\utils\AudioSetting\AudioSettingGroup.cpp">
      <Filter>Source Files</Filter>
    </ClCompile>
    <ClCompile Include="app\views\UI\DyingEffect\DyingEffectVM.cpp">
      <Filter>Source Files</Filter>
    </ClCompile>
    <ClCompile Include="app\models\Save\KeyFlag\KeyFlagsModel.cpp">
      <Filter>Source Files</Filter>
    </ClCompile>
    <ClCompile Include="app\views\UI\Serif\CursorVM.cpp">
      <Filter>Source Files</Filter>
    </ClCompile>
    <ClCompile Include="app\views\UI\Serif\MessageBoxVM.cpp">
      <Filter>Source Files</Filter>
    </ClCompile>
    <ClCompile Include="app\views\UI\Serif\MessageVM.cpp">
      <Filter>Source Files</Filter>
    </ClCompile>
    <ClCompile Include="app\models\Collision\MapCollisionModel.cpp">
      <Filter>Source Files</Filter>
    </ClCompile>
    <ClCompile Include="app\scenes\Title\TitleScene.cpp">
      <Filter>Source Files</Filter>
    </ClCompile>
    <ClCompile Include="app\scenes\Splash\SplashScene.cpp">
      <Filter>Source Files</Filter>
    </ClCompile>
    <ClCompile Include="app\views\Cycle\Splash\Logo\LogoVM.cpp">
      <Filter>Source Files</Filter>
    </ClCompile>
    <ClCompile Include="app\models\Cycle\Splash\Logo\LogoModel.cpp">
      <Filter>Source Files</Filter>
    </ClCompile>
    <ClCompile Include="app\scenes\OpDemo\OpDemoScene.cpp">
      <Filter>Source Files</Filter>
    </ClCompile>
    <ClCompile Include="app\views\Cycle\Title\Logo\LogoVM.cpp">
      <Filter>Source Files</Filter>
    </ClCompile>
    <ClCompile Include="app\views\Cycle\Title\BackGround\BackGroundVM.cpp">
      <Filter>Source Files</Filter>
    </ClCompile>
    <ClCompile Include="app\models\Cycle\Title\Logo\LogoModel.cpp">
      <Filter>Source Files</Filter>
    </ClCompile>
    <ClCompile Include="app\models\Cycle\Title\BackGround\BackGroundModel.cpp">
      <Filter>Source Files</Filter>
    </ClCompile>
    <ClCompile Include="app\views\Cycle\Title\BackGround\AtlantisVM.cpp">
      <Filter>Source Files</Filter>
    </ClCompile>
    <ClCompile Include="app\views\Actors\Ooparts\base\ActDrawCallbackView.cpp">
      <Filter>Source Files</Filter>
    </ClCompile>
    <ClCompile Include="app\components\base\Components.cpp">
      <Filter>Source Files</Filter>
    </ClCompile>
    <ClCompile Include="app\components\Actors\God\PauseCtrl.cpp">
      <Filter>Source Files</Filter>
    </ClCompile>
    <ClCompile Include="app\components\Actors\Ooparts\Draw.cpp">
      <Filter>Source Files</Filter>
    </ClCompile>
    <ClCompile Include="app\components\Actors\Ooparts\PursuitCtrl.cpp">
      <Filter>Source Files</Filter>
    </ClCompile>
    <ClCompile Include="app\components\Actors\Gimmick\EventTrigger\Main.cpp">
      <Filter>Source Files</Filter>
    </ClCompile>
    <ClCompile Include="app\components\Actors\Enemy\DamageCallback.cpp">
      <Filter>Source Files</Filter>
    </ClCompile>
    <ClCompile Include="app\components\Actors\Enemy\DeadCallback.cpp">
      <Filter>Source Files</Filter>
    </ClCompile>
    <ClCompile Include="app\components\Actors\Enemy\Slime\State\BaseState.cpp">
      <Filter>Source Files</Filter>
    </ClCompile>
    <ClCompile Include="app\components\Actors\Enemy\Slime\State\JumpState.cpp">
      <Filter>Source Files</Filter>
    </ClCompile>
    <ClCompile Include="app\components\Actors\Enemy\Slime\State\WalkState.cpp">
      <Filter>Source Files</Filter>
    </ClCompile>
    <ClCompile Include="app\components\Actors\Enemy\Slime\DeadCallback.cpp">
      <Filter>Source Files</Filter>
    </ClCompile>
    <ClCompile Include="app\components\Actors\Enemy\Slime\SenserCtrl.cpp">
      <Filter>Source Files</Filter>
    </ClCompile>
    <ClCompile Include="app\components\Actors\utils\ActorUtils.cpp">
      <Filter>Source Files</Filter>
    </ClCompile>
    <ClCompile Include="app\components\Actors\Player\Shot\State\BaseState.cpp">
      <Filter>Source Files</Filter>
    </ClCompile>
    <ClCompile Include="app\components\Actors\Player\State\BaseState.cpp">
      <Filter>Source Files</Filter>
    </ClCompile>
    <ClCompile Include="app\components\Actors\Player\State\DamageState.cpp">
      <Filter>Source Files</Filter>
    </ClCompile>
    <ClCompile Include="app\components\Actors\Player\State\DeadState.cpp">
      <Filter>Source Files</Filter>
    </ClCompile>
    <ClCompile Include="app\components\Actors\Player\State\LadderState.cpp">
      <Filter>Source Files</Filter>
    </ClCompile>
    <ClCompile Include="app\components\Actors\Player\State\SwimState.cpp">
      <Filter>Source Files</Filter>
    </ClCompile>
    <ClCompile Include="app\components\Actors\Player\AttackCtrl.cpp">
      <Filter>Source Files</Filter>
    </ClCompile>
    <ClCompile Include="app\components\Actors\Player\ChargeCtrl.cpp">
      <Filter>Source Files</Filter>
    </ClCompile>
    <ClCompile Include="app\components\Actors\Player\DebugCtrl.cpp">
      <Filter>Source Files</Filter>
    </ClCompile>
    <ClCompile Include="app\components\Actors\Player\OopartsCtrl.cpp">
      <Filter>Source Files</Filter>
    </ClCompile>
    <ClCompile Include="app\components\Actors\Player\RestartCtrl.cpp">
      <Filter>Source Files</Filter>
    </ClCompile>
    <ClCompile Include="app\components\Actors\Player\RoomMoveChecker.cpp">
      <Filter>Source Files</Filter>
    </ClCompile>
    <ClCompile Include="app\components\Actors\Player\UICtrl.cpp">
      <Filter>Source Files</Filter>
    </ClCompile>
    <ClCompile Include="app\components\Actors\Player\Shot\Collider.cpp">
      <Filter>Source Files</Filter>
    </ClCompile>
    <ClCompile Include="app\components\Actors\Player\Shot\PlayerShot.cpp">
      <Filter>Source Files</Filter>
    </ClCompile>
    <ClCompile Include="app\components\Actors\Enemy\CaptainTako\Shot\State\BaseState.cpp">
      <Filter>Source Files</Filter>
    </ClCompile>
    <ClCompile Include="app\components\Actors\Enemy\CaptainTako\State\AttackState.cpp">
      <Filter>Source Files</Filter>
    </ClCompile>
    <ClCompile Include="app\components\Actors\Enemy\CaptainTako\State\BaseState.cpp">
      <Filter>Source Files</Filter>
    </ClCompile>
    <ClCompile Include="app\components\Actors\Enemy\CaptainTako\State\ChargeState.cpp">
      <Filter>Source Files</Filter>
    </ClCompile>
    <ClCompile Include="app\components\Actors\Enemy\CaptainTako\State\WaitState.cpp">
      <Filter>Source Files</Filter>
    </ClCompile>
    <ClCompile Include="app\components\Actors\Enemy\Ikalien\State\BaseState.cpp">
      <Filter>Source Files</Filter>
    </ClCompile>
    <ClCompile Include="app\components\Actors\Enemy\Ikalien\State\PursuitState.cpp">
      <Filter>Source Files</Filter>
    </ClCompile>
    <ClCompile Include="app\components\Actors\Enemy\Ikalien\State\SwimState.cpp">
      <Filter>Source Files</Filter>
    </ClCompile>
    <ClCompile Include="app\components\Actors\Enemy\Ikalien\State\WaitState.cpp">
      <Filter>Source Files</Filter>
    </ClCompile>
    <ClCompile Include="app\components\Actors\Enemy\LaunShark\Shot\State\BaseState.cpp">
      <Filter>Source Files</Filter>
    </ClCompile>
    <ClCompile Include="app\components\Actors\Enemy\LaunShark\Shot\State\FiringedState.cpp">
      <Filter>Source Files</Filter>
    </ClCompile>
    <ClCompile Include="app\components\Actors\Enemy\LaunShark\Shot\State\PursuitState.cpp">
      <Filter>Source Files</Filter>
    </ClCompile>
    <ClCompile Include="app\components\Actors\Enemy\LaunShark\Shot\State\StartState.cpp">
      <Filter>Source Files</Filter>
    </ClCompile>
    <ClCompile Include="app\components\Actors\Enemy\LaunShark\Shot\State\WaitState.cpp">
      <Filter>Source Files</Filter>
    </ClCompile>
    <ClCompile Include="app\components\Actors\Enemy\LaunShark\State\AttackState.cpp">
      <Filter>Source Files</Filter>
    </ClCompile>
    <ClCompile Include="app\components\Actors\Enemy\LaunShark\State\BaseState.cpp">
      <Filter>Source Files</Filter>
    </ClCompile>
    <ClCompile Include="app\components\Actors\Enemy\LaunShark\State\LauncherState.cpp">
      <Filter>Source Files</Filter>
    </ClCompile>
    <ClCompile Include="app\components\Actors\Enemy\LaunShark\State\SwimState.cpp">
      <Filter>Source Files</Filter>
    </ClCompile>
    <ClCompile Include="app\components\Actors\Enemy\Schield\Shot\State\BaseState.cpp">
      <Filter>Source Files</Filter>
    </ClCompile>
    <ClCompile Include="app\components\Actors\Enemy\Schield\State\AttackCrossState.cpp">
      <Filter>Source Files</Filter>
    </ClCompile>
    <ClCompile Include="app\components\Actors\Enemy\Schield\State\AttackPlusState.cpp">
      <Filter>Source Files</Filter>
    </ClCompile>
    <ClCompile Include="app\components\Actors\Enemy\Schield\State\BaseState.cpp">
      <Filter>Source Files</Filter>
    </ClCompile>
    <ClCompile Include="app\components\Actors\Enemy\Schield\State\WaitState.cpp">
      <Filter>Source Files</Filter>
    </ClCompile>
    <ClCompile Include="app\components\Actors\Enemy\RollingTako\State\BaseState.cpp">
      <Filter>Source Files</Filter>
    </ClCompile>
    <ClCompile Include="app\components\Actors\Enemy\RollingTako\State\RunState.cpp">
      <Filter>Source Files</Filter>
    </ClCompile>
    <ClCompile Include="app\components\Actors\Enemy\RollingTako\State\WaitState.cpp">
      <Filter>Source Files</Filter>
    </ClCompile>
    <ClCompile Include="app\components\Actors\Enemy\Schield\FaceCtrl.cpp">
      <Filter>Source Files</Filter>
    </ClCompile>
    <ClCompile Include="app\components\Actors\Enemy\CodeZero\Hand\State\AttackState.cpp">
      <Filter>Source Files</Filter>
    </ClCompile>
    <ClCompile Include="app\components\Actors\Enemy\CodeZero\Hand\State\AttakWaitState.cpp">
      <Filter>Source Files</Filter>
    </ClCompile>
    <ClCompile Include="app\components\Actors\Enemy\CodeZero\Hand\State\BaseState.cpp">
      <Filter>Source Files</Filter>
    </ClCompile>
    <ClCompile Include="app\components\Actors\Enemy\CodeZero\Hand\State\PursuitState.cpp">
      <Filter>Source Files</Filter>
    </ClCompile>
    <ClCompile Include="app\components\Actors\Enemy\CodeZero\Hand\State\ShotChargeState.cpp">
      <Filter>Source Files</Filter>
    </ClCompile>
    <ClCompile Include="app\components\Actors\Enemy\CodeZero\Head\State\BaseState.cpp">
      <Filter>Source Files</Filter>
    </ClCompile>
    <ClCompile Include="app\components\Actors\Enemy\CodeZero\Shot\State\BaseState.cpp">
      <Filter>Source Files</Filter>
    </ClCompile>
    <ClCompile Include="app\components\Actors\Enemy\CodeZero\Shot\State\PursuitEndState.cpp">
      <Filter>Source Files</Filter>
    </ClCompile>
    <ClCompile Include="app\components\Actors\Enemy\CodeZero\Shot\State\PursuitState.cpp">
      <Filter>Source Files</Filter>
    </ClCompile>
    <ClCompile Include="app\components\Actors\Enemy\CodeZero\Shot\State\WaitState.cpp">
      <Filter>Source Files</Filter>
    </ClCompile>
    <ClCompile Include="app\components\Actors\Enemy\CodeZero\State\BaseState.cpp">
      <Filter>Source Files</Filter>
    </ClCompile>
    <ClCompile Include="app\components\Actors\Enemy\CodeZero\State\Phase1State.cpp">
      <Filter>Source Files</Filter>
    </ClCompile>
    <ClCompile Include="app\components\Actors\Enemy\CodeZero\State\Phase2State.cpp">
      <Filter>Source Files</Filter>
    </ClCompile>
    <ClCompile Include="app\components\Actors\Enemy\CodeZero\State\Phase3State.cpp">
      <Filter>Source Files</Filter>
    </ClCompile>
    <ClCompile Include="app\components\Actors\Enemy\CodeZero\Hand\HandCtrl.cpp">
      <Filter>Source Files</Filter>
    </ClCompile>
    <ClCompile Include="app\components\Actors\Enemy\CodeZero\ParentCtrl.cpp">
      <Filter>Source Files</Filter>
    </ClCompile>
    <ClCompile Include="app\components\Actors\Enemy\CodeZero\PartsCtrl.cpp">
      <Filter>Source Files</Filter>
    </ClCompile>
    <ClCompile Include="app\components\Actors\Enemy\CodeZero\Head\DamageCtrl.cpp">
      <Filter>Source Files</Filter>
    </ClCompile>
    <ClCompile Include="app\components\Actors\Enemy\CodeZero\Head\HeadCtrl.cpp">
      <Filter>Source Files</Filter>
    </ClCompile>
    <ClCompile Include="app\components\Actors\Commons\AudioSource.cpp">
      <Filter>Source Files</Filter>
    </ClCompile>
    <ClCompile Include="app\components\Actors\Commons\TimeCounter.cpp">
      <Filter>Source Files</Filter>
    </ClCompile>
    <ClCompile Include="app\components\Actors\Commons\OutRoomChecker.cpp">
      <Filter>Source Files</Filter>
    </ClCompile>
    <ClCompile Include="app\components\Actors\Commons\Terrain.cpp">
      <Filter>Source Files</Filter>
    </ClCompile>
    <ClCompile Include="app\components\Actors\Commons\MapCollider.cpp">
      <Filter>Source Files</Filter>
    </ClCompile>
    <ClCompile Include="app\components\Actors\Commons\Foot.cpp">
      <Filter>Source Files</Filter>
    </ClCompile>
    <ClCompile Include="app\components\Actors\Commons\FallChecker.cpp">
      <Filter>Source Files</Filter>
    </ClCompile>
    <ClCompile Include="app\components\Actors\Commons\DeadCheacker.cpp">
      <Filter>Source Files</Filter>
    </ClCompile>
    <ClCompile Include="app\components\Actors\Commons\DeadOnHItReceiver.cpp">
      <Filter>Source Files</Filter>
    </ClCompile>
    <ClCompile Include="app\components\Actors\Commons\CustomDraw.cpp">
      <Filter>Source Files</Filter>
    </ClCompile>
    <ClCompile Include="app\components\Actors\Commons\CameraFixPos.cpp">
      <Filter>Source Files</Filter>
    </ClCompile>
    <ClCompile Include="app\components\Actors\Commons\CustomCollider.cpp">
      <Filter>Source Files</Filter>
    </ClCompile>
    <ClCompile Include="app\components\Actors\Commons\DamageCtrl.cpp">
      <Filter>Source Files</Filter>
    </ClCompile>
    <ClCompile Include="app\components\Actors\Commons\BreathingCtrl.cpp">
      <Filter>Source Files</Filter>
    </ClCompile>
    <ClCompile Include="app\components\Actors\Commons\RotateCtrl.cpp">
      <Filter>Source Files</Filter>
    </ClCompile>
    <ClCompile Include="app\components\Actors\Commons\HP.cpp">
      <Filter>Source Files</Filter>
    </ClCompile>
    <ClCompile Include="app\components\Actors\Commons\StateCtrl.cpp">
      <Filter>Source Files</Filter>
    </ClCompile>
    <ClCompile Include="app\components\Actors\Commons\ScaleCtrl.cpp">
      <Filter>Source Files</Filter>
    </ClCompile>
    <ClCompile Include="app\components\Actors\Commons\Body.cpp">
      <Filter>Source Files</Filter>
    </ClCompile>
    <ClCompile Include="app\components\Actors\Commons\BodyUpdater.cpp">
      <Filter>Source Files</Filter>
    </ClCompile>
    <ClCompile Include="app\components\Actors\base\IPhysics.cpp">
      <Filter>Source Files</Filter>
    </ClCompile>
    <ClCompile Include="tests\helper\TestRunner\TestRunner.ixx" />
    <ClCompile Include="tests\tests\testing.ixx" />
    <ClCompile Include="app\components\Actors\Commons\LightCtrl.cpp">
      <Filter>Source Files</Filter>
    </ClCompile>
    <ClCompile Include="app\views\Cycle\Title\Cursor\CursorVM.cpp">
      <Filter>Source Files</Filter>
    </ClCompile>
    <ClCompile Include="app\views\Cycle\Title\Cursor\Shot\ShotVM.cpp">
      <Filter>Source Files</Filter>
    </ClCompile>
    <ClCompile Include="app\scenes\SaveSelect\SaveSelectScene.cpp">
      <Filter>Source Files</Filter>
    </ClCompile>
    <ClCompile Include="app\views\UI\Fade\IrisOut\IrisOutVM.cpp">
      <Filter>Source Files</Filter>
    </ClCompile>
    <ClCompile Include="app\datastores\User\DBUserDataStore.cpp">
      <Filter>Source Files</Filter>
    </ClCompile>
    <ClCompile Include="app\commons\Resource\UserData\Manager\Manager.cpp">
      <Filter>Source Files</Filter>
    </ClCompile>
    <ClCompile Include="app\commons\Resource\SaveUtil.cpp">
      <Filter>Source Files</Filter>
    </ClCompile>
    <ClCompile Include="app\datastores\base\DBDataStore.cpp">
      <Filter>Source Files</Filter>
    </ClCompile>
    <ClCompile Include="app\utils\Coro\Wait\Wait.cpp">
      <Filter>Source Files</Filter>
    </ClCompile>
    <ClCompile Include="app\components\Actors\Commons\BehaviorCtrl.cpp">
      <Filter>Source Files</Filter>
    </ClCompile>
    <ClCompile Include="app\components\Actors\Enemy\CodeZero\Behavior.cpp">
      <Filter>Source Files</Filter>
    </ClCompile>
    <ClCompile Include="app\components\Actors\utils\BehaviorUtil.cpp">
      <Filter>Source Files</Filter>
    </ClCompile>
    <ClCompile Include="app\Lib.cpp">
      <Filter>Source Files</Filter>
    </ClCompile>
    <ClCompile Include="app\debugs\Log\Log.cpp">
      <Filter>Source Files</Filter>
    </ClCompile>
    <ClCompile Include="app\commons\Resource\Assets\Assets.cpp">
      <Filter>Source Files</Filter>
    </ClCompile>
    <ClCompile Include="app\components\Actors\Map\Ladder\LadderProxy.cpp">
      <Filter>Source Files</Filter>
    </ClCompile>
    <ClCompile Include="tests\tests\Component\ComponentCatch.cpp">
      <Filter>Source Files</Filter>
    </ClCompile>
    <ClCompile Include="tests\tests\Collision\TagCatch.cpp">
      <Filter>Source Files</Filter>
    </ClCompile>
    <ClCompile Include="app\factories\Main\MainInjector.cpp">
      <Filter>Source Files</Filter>
    </ClCompile>
    <ClCompile Include="app\components\Actors\Gimmick\Door\DoorProxy.cpp">
      <Filter>Source Files</Filter>
    </ClCompile>
    <ClCompile Include="app\components\Actors\base\ICollision.cpp">
      <Filter>Source Files</Filter>
    </ClCompile>
    <ClCompile Include="app\components\Actors\Commons\CollisionCtrl.cpp">
      <Filter>Source Files</Filter>
    </ClCompile>
    <ClCompile Include="app\components\Actors\Player\Shot\Builder.cpp">
      <Filter>Source Files</Filter>
    </ClCompile>
    <ClCompile Include="app\components\Actors\God\Builder.cpp">
      <Filter>Source Files</Filter>
    </ClCompile>
    <ClCompile Include="app\components\Actors\Ooparts\CommonBuilder.cpp">
      <Filter>Source Files</Filter>
    </ClCompile>
    <ClCompile Include="app\components\Actors\Ooparts\Nyan\Builder.cpp">
      <Filter>Source Files</Filter>
    </ClCompile>
    <ClCompile Include="app\components\Actors\Ooparts\Xto\Builder.cpp">
      <Filter>Source Files</Filter>
    </ClCompile>
    <ClCompile Include="app\components\Actors\Gimmick\EventTrigger\Builder.cpp">
      <Filter>Source Files</Filter>
    </ClCompile>
    <ClCompile Include="app\components\Actors\Gimmick\Door\Builder.cpp">
      <Filter>Source Files</Filter>
    </ClCompile>
    <ClCompile Include="app\components\Actors\Map\CommonBuilder.cpp">
      <Filter>Source Files</Filter>
    </ClCompile>
    <ClCompile Include="app\components\Actors\Map\MapProxy.cpp">
      <Filter>Source Files</Filter>
    </ClCompile>
    <ClCompile Include="app\components\Actors\Map\Floor\Builder.cpp">
      <Filter>Source Files</Filter>
    </ClCompile>
    <ClCompile Include="app\components\Actors\Map\Ladder\Builder.cpp">
      <Filter>Source Files</Filter>
    </ClCompile>
    <ClCompile Include="app\components\Actors\Map\PenetrateFloor\Builder.cpp">
      <Filter>Source Files</Filter>
    </ClCompile>
    <ClCompile Include="app\components\Actors\Map\PenetrateFloor\PenetrateFloorProxy.cpp">
      <Filter>Source Files</Filter>
    </ClCompile>
    <ClCompile Include="app\components\Actors\Enemy\CommonBuilder.cpp">
      <Filter>Source Files</Filter>
    </ClCompile>
    <ClCompile Include="app\components\Actors\Enemy\Slime\Builder.cpp">
      <Filter>Source Files</Filter>
    </ClCompile>
    <ClCompile Include="app\components\Actors\Enemy\Slime\Sensor\Builder.cpp">
      <Filter>Source Files</Filter>
    </ClCompile>
    <ClCompile Include="app\components\Actors\Enemy\Slime\Sensor\MainUpdate.cpp">
      <Filter>Source Files</Filter>
    </ClCompile>
    <ClCompile Include="app\components\Actors\Enemy\Slime\Sensor\ParentCtrl.cpp">
      <Filter>Source Files</Filter>
    </ClCompile>
    <ClCompile Include="app\components\Actors\Enemy\Schield\Builder.cpp">
      <Filter>Source Files</Filter>
    </ClCompile>
    <ClCompile Include="app\components\Actors\Enemy\Schield\Shot\Builder.cpp">
      <Filter>Source Files</Filter>
    </ClCompile>
    <ClCompile Include="app\components\Actors\Commons\Colliders\PointCollider.cpp">
      <Filter>Source Files</Filter>
    </ClCompile>
    <ClCompile Include="app\components\Actors\Commons\Colliders\CircleCollider.cpp">
      <Filter>Source Files</Filter>
    </ClCompile>
    <ClCompile Include="app\components\Actors\Enemy\Schield\Shell\Builder.cpp">
      <Filter>Source Files</Filter>
    </ClCompile>
    <ClCompile Include="app\components\Actors\Enemy\Schield\ShellCtrl.cpp">
      <Filter>Source Files</Filter>
    </ClCompile>
    <ClCompile Include="app\components\Actors\Enemy\RollingTako\Builder.cpp">
      <Filter>Source Files</Filter>
    </ClCompile>
    <ClCompile Include="app\components\Actors\Enemy\LaunShark\Shot\Builder.cpp">
      <Filter>Source Files</Filter>
    </ClCompile>
    <ClCompile Include="app\components\Actors\Enemy\LaunShark\Builder.cpp">
      <Filter>Source Files</Filter>
    </ClCompile>
    <ClCompile Include="app\components\Actors\Enemy\Ikalien\Builder.cpp">
      <Filter>Source Files</Filter>
    </ClCompile>
    <ClCompile Include="app\components\Actors\Enemy\CaptainTako\Builder.cpp">
      <Filter>Source Files</Filter>
    </ClCompile>
    <ClCompile Include="app\components\Actors\Enemy\CaptainTako\Shot\Builder.cpp">
      <Filter>Source Files</Filter>
    </ClCompile>
    <ClCompile Include="app\components\Actors\Enemy\CodeZero\Shot\Builder.cpp">
      <Filter>Source Files</Filter>
    </ClCompile>
    <ClCompile Include="app\components\Actors\Enemy\CodeZero\Head\Builder.cpp">
      <Filter>Source Files</Filter>
    </ClCompile>
    <ClCompile Include="app\components\Actors\Enemy\CodeZero\Hand\Builder.cpp">
      <Filter>Source Files</Filter>
    </ClCompile>
    <ClCompile Include="app\components\Actors\Enemy\CodeZero\Hand\HandProxy.cpp">
      <Filter>Source Files</Filter>
    </ClCompile>
    <ClCompile Include="app\components\Actors\Enemy\CodeZero\Builder.cpp">
      <Filter>Source Files</Filter>
    </ClCompile>
    <ClCompile Include="app\components\Actors\Enemy\CodeZero\CodeZeroProxy.cpp">
      <Filter>Source Files</Filter>
    </ClCompile>
    <ClCompile Include="app\components\Actors\Enemy\CodeZero\Demo\Builder.cpp">
      <Filter>Source Files</Filter>
    </ClCompile>
    <ClCompile Include="app\components\Actors\Enemy\CodeZero\Demo\DemoCtrl.cpp">
      <Filter>Source Files</Filter>
    </ClCompile>
    <ClCompile Include="app\components\Actors\Player\Builder.cpp">
      <Filter>Source Files</Filter>
    </ClCompile>
    <ClCompile Include="app\components\Actors\Player\PlayerProxy.cpp">
      <Filter>Source Files</Filter>
    </ClCompile>
    <ClCompile Include="app\modules\World\World.cpp">
      <Filter>Source Files\ActionSystem\World</Filter>
    </ClCompile>
    <ClCompile Include="app\modules\Actors\base\ActorsHolder.cpp">
      <Filter>Source Files\ActionSystem\Actors</Filter>
    </ClCompile>
    <ClCompile Include="app\modules\Actors\base\IActor.cpp">
      <Filter>Source Files\ActionSystem\Actors</Filter>
    </ClCompile>
    <ClCompile Include="app\modules\Actors\Player\PlayerManager.cpp">
      <Filter>Source Files</Filter>
    </ClCompile>
    <ClCompile Include="app\modules\BackGround\BackGround.cpp">
      <Filter>Source Files</Filter>
    </ClCompile>
    <ClCompile Include="app\modules\Camera\CameraWork\base\ICameraWork.cpp">
      <Filter>Source Files\ActionSystem\Camera\CameraWork</Filter>
    </ClCompile>
    <ClCompile Include="app\modules\Camera\Quake\Quake.cpp">
      <Filter>Source Files</Filter>
    </ClCompile>
    <ClCompile Include="app\modules\Camera\Camera.cpp">
      <Filter>Source Files\ActionSystem\Camera</Filter>
    </ClCompile>
    <ClCompile Include="app\modules\Cron\base\Batch.cpp">
      <Filter>Source Files</Filter>
    </ClCompile>
    <ClCompile Include="app\modules\Cron\base\BatchHolder.cpp">
      <Filter>Source Files</Filter>
    </ClCompile>
    <ClCompile Include="app\modules\Cron\Cron.cpp">
      <Filter>Source Files</Filter>
    </ClCompile>
    <ClCompile Include="app\modules\Cycle\Splash\Logo\Logo.cpp">
      <Filter>Source Files</Filter>
    </ClCompile>
    <ClCompile Include="app\modules\Cycle\Splash\Main.cpp">
      <Filter>Source Files</Filter>
    </ClCompile>
    <ClCompile Include="app\modules\Cycle\Title\BackGround\BackGround.cpp">
      <Filter>Source Files</Filter>
    </ClCompile>
    <ClCompile Include="app\modules\Cycle\Title\Cursor\Cursor.cpp">
      <Filter>Source Files</Filter>
    </ClCompile>
    <ClCompile Include="app\modules\Cycle\Title\Cursor\Shot.cpp">
      <Filter>Source Files</Filter>
    </ClCompile>
    <ClCompile Include="app\modules\Cycle\Title\Logo\Logo.cpp">
      <Filter>Source Files</Filter>
    </ClCompile>
    <ClCompile Include="app\modules\Cycle\Title\Main.cpp">
      <Filter>Source Files</Filter>
    </ClCompile>
    <ClCompile Include="app\modules\Decor\Decor.cpp">
      <Filter>Source Files</Filter>
    </ClCompile>
    <ClCompile Include="app\modules\Effects\Effects.cpp">
      <Filter>Source Files</Filter>
    </ClCompile>
    <ClCompile Include="app\modules\Event\Events.cpp">
      <Filter>Source Files</Filter>
    </ClCompile>
    <ClCompile Include="app\modules\GlobalTime\GlobalTime.cpp">
      <Filter>Source Files</Filter>
    </ClCompile>
    <ClCompile Include="app\modules\Light\Light.cpp">
      <Filter>Source Files</Filter>
    </ClCompile>
    <ClCompile Include="app\modules\Manager\Manager.cpp">
      <Filter>Source Files</Filter>
    </ClCompile>
    <ClCompile Include="app\modules\Master\Master.cpp">
      <Filter>Source Files</Filter>
    </ClCompile>
    <ClCompile Include="app\modules\Save\Save.cpp">
      <Filter>Source Files</Filter>
    </ClCompile>
    <ClCompile Include="app\modules\Save\SaveData.cpp">
      <Filter>Source Files</Filter>
    </ClCompile>
    <ClCompile Include="app\modules\Sound\Sound.cpp">
      <Filter>Source Files</Filter>
    </ClCompile>
    <ClCompile Include="app\modules\Stage\Stage.cpp">
      <Filter>Source Files\ActionSystem\Stage</Filter>
    </ClCompile>
    <ClCompile Include="app\modules\Stage\StageData.cpp">
      <Filter>Source Files</Filter>
    </ClCompile>
    <ClCompile Include="app\modules\System\System.cpp">
      <Filter>Source Files\ActionSystem</Filter>
    </ClCompile>
    <ClCompile Include="app\modules\UI\base\UserInterfaceHolder.cpp">
      <Filter>Source Files</Filter>
    </ClCompile>
    <ClCompile Include="app\modules\UI\UI.cpp">
      <Filter>Source Files</Filter>
    </ClCompile>
    <ClCompile Include="app\components\Crons\BubbleGenerator\Builder.cpp">
      <Filter>Source Files</Filter>
    </ClCompile>
    <ClCompile Include="app\components\Crons\BubbleGenerator\Generator.cpp">
      <Filter>Source Files</Filter>
    </ClCompile>
    <ClCompile Include="app\components\Crons\Commons\IntervalTimeScheduler.cpp">
      <Filter>Source Files</Filter>
    </ClCompile>
    <ClCompile Include="app\components\Crons\Commons\OnceScheduler.cpp">
      <Filter>Source Files</Filter>
    </ClCompile>
    <ClCompile Include="app\modules\UI\base\IUserInterface.cpp">
      <Filter>Source Files</Filter>
    </ClCompile>
    <ClCompile Include="app\components\UI\BossHPBar\Builder.cpp">
      <Filter>Source Files</Filter>
    </ClCompile>
    <ClCompile Include="app\components\UI\BossHPBar\Main.cpp">
      <Filter>Source Files</Filter>
    </ClCompile>
    <ClCompile Include="app\components\UI\DyingEffect\Builder.cpp">
      <Filter>Source Files</Filter>
    </ClCompile>
    <ClCompile Include="app\components\UI\DyingEffect\Main.cpp">
      <Filter>Source Files</Filter>
    </ClCompile>
    <ClCompile Include="app\components\UI\PlayerInfo\Builder.cpp">
      <Filter>Source Files</Filter>
    </ClCompile>
    <ClCompile Include="app\components\UI\PlayerInfo\Main.cpp">
      <Filter>Source Files</Filter>
    </ClCompile>
    <ClCompile Include="app\components\UI\Fade\IrisOut\Builder.cpp">
      <Filter>Source Files</Filter>
    </ClCompile>
    <ClCompile Include="app\components\UI\Fade\IrisOut\FadeCtrl.cpp">
      <Filter>Source Files</Filter>
    </ClCompile>
    <ClCompile Include="app\components\UI\BossHPBar\HPGaugeCtrl.cpp">
      <Filter>Source Files</Filter>
    </ClCompile>
    <ClCompile Include="app\components\Events\Common\StreamHandler.cpp">
      <Filter>Source Files</Filter>
    </ClCompile>
    <ClCompile Include="app\modules\Event\base\IEvent.cpp">
      <Filter>Source Files</Filter>
    </ClCompile>
    <ClCompile Include="app\components\Events\GameReady\MainStream.cpp">
      <Filter>Source Files</Filter>
    </ClCompile>
    <ClCompile Include="app\components\Events\Common\FadeIrisOut.cpp">
      <Filter>Source Files</Filter>
    </ClCompile>
    <ClCompile Include="app\components\Events\GameReady\Builder.cpp">
      <Filter>Source Files</Filter>
    </ClCompile>
    <ClCompile Include="app\components\Events\GamePause\Builder.cpp">
      <Filter>Source Files</Filter>
    </ClCompile>
    <ClCompile Include="app\components\Events\GamePause\MainStream.cpp">
      <Filter>Source Files</Filter>
    </ClCompile>
    <ClCompile Include="app\components\Events\GameRestart\Builder.cpp">
      <Filter>Source Files</Filter>
    </ClCompile>
    <ClCompile Include="app\components\Events\GameRestart\MainStream.cpp">
      <Filter>Source Files</Filter>
    </ClCompile>
    <ClCompile Include="app\components\Events\Common\GlobalTimeCtrl.cpp">
      <Filter>Source Files</Filter>
    </ClCompile>
    <ClCompile Include="app\components\Events\RoomMove\RoomMoveCtrl.cpp">
      <Filter>Source Files</Filter>
    </ClCompile>
    <ClCompile Include="app\components\Events\RoomMove\BasicMove\RoomMoveCallback.cpp">
      <Filter>Source Files</Filter>
    </ClCompile>
    <ClCompile Include="app\components\Events\RoomMove\BasicMove\Builder.cpp">
      <Filter>Source Files</Filter>
    </ClCompile>
    <ClCompile Include="app\components\Events\RoomMove\DoorMove\Builder.cpp">
      <Filter>Source Files</Filter>
    </ClCompile>
    <ClCompile Include="app\components\Events\RoomMove\DoorMove\RoomMoveCallback.cpp">
      <Filter>Source Files</Filter>
    </ClCompile>
    <ClCompile Include="app\components\UI\Serif\Builder.cpp">
      <Filter>Source Files</Filter>
    </ClCompile>
    <ClCompile Include="app\components\UI\Serif\Main.cpp">
      <Filter>Source Files</Filter>
    </ClCompile>
    <ClCompile Include="app\components\Events\Talk\Builder.cpp">
      <Filter>Source Files</Filter>
    </ClCompile>
    <ClCompile Include="app\components\Events\Talk\TalkCtrl.cpp">
      <Filter>Source Files</Filter>
    </ClCompile>
    <ClCompile Include="app\modules\Event\Talk\TalkObj.cpp">
      <Filter>Source Files</Filter>
    </ClCompile>
    <ClCompile Include="app\components\Events\Talk\BossTalk0_0\Build.cpp">
      <Filter>Source Files</Filter>
    </ClCompile>
    <ClCompile Include="app\components\Events\Talk\TriggerFactory.cpp">
      <Filter>Source Files</Filter>
    </ClCompile>
    <ClCompile Include="app\models\Event\Talk\FaceTableModel.cpp">
      <Filter>Source Files</Filter>
    </ClCompile>
    <ClCompile Include="app\components\Events\Talk\Common\Serif\FaceTable.cpp">
      <Filter>Source Files</Filter>
    </ClCompile>
    <ClCompile Include="app\components\Events\Talk\Common\TalkHandler.cpp">
      <Filter>Source Files</Filter>
    </ClCompile>
    <ClCompile Include="app\components\Events\Talk\Common\Serif\SerifCtrl.cpp">
      <Filter>Source Files</Filter>
    </ClCompile>
    <ClCompile Include="app\components\Events\CreateBossHPBar\MainStream.cpp">
      <Filter>Source Files</Filter>
    </ClCompile>
    <ClCompile Include="app\components\Events\CreateBossHPBar\Builder.cpp">
      <Filter>Source Files</Filter>
    </ClCompile>
    <ClCompile Include="app\components\Events\Talk\BossTalk0_0\Setup\Setup.cpp">
      <Filter>Source Files</Filter>
    </ClCompile>
    <ClCompile Include="app\components\Events\Talk\BossTalk0_0\Teardown\Teardown.cpp">
      <Filter>Source Files</Filter>
    </ClCompile>
    <ClCompile Include="app\components\Events\Talk\BossTalk0_0\BossMove\BossMove.cpp">
      <Filter>Source Files</Filter>
    </ClCompile>
    <ClCompile Include="app\components\base\Executer.cpp">
      <Filter>Source Files</Filter>
    </ClCompile>
    <ClCompile Include="app\components\base\ExecuteSorter.cpp">
      <Filter>Source Files</Filter>
    </ClCompile>
    <ClCompile Include="app\components\Actors\Player\GimmickReactCtrl.cpp">
      <Filter>Source Files</Filter>
    </ClCompile>
    <ClCompile Include="app\components\Actors\Gimmick\Door\GimmickReacter.cpp">
      <Filter>Source Files</Filter>
    </ClCompile>
    <ClCompile Include="app\components\Actors\Player\State\DoorInState.cpp">
      <Filter>Source Files</Filter>
    </ClCompile>
    <ClCompile Include="app\components\Actors\Player\StateChecker.cpp">
      <Filter>Source Files</Filter>
    </ClCompile>
    <ClCompile Include="app\components\Actors\Commons\AttackerData.cpp">
      <Filter>Source Files</Filter>
    </ClCompile>
    <ClCompile Include="app\components\Actors\Player\DamageCallback.cpp">
      <Filter>Source Files</Filter>
    </ClCompile>
    <ClCompile Include="app\components\Actors\Player\ForwardCtrl.cpp">
      <Filter>Source Files</Filter>
    </ClCompile>
    <ClCompile Include="app\components\Actors\Player\MoveSwim.cpp">
      <Filter>Source Files</Filter>
    </ClCompile>
    <ClCompile Include="app\debugs\Menu\Menu.cpp">
      <Filter>Source Files</Filter>
    </ClCompile>
    <ClCompile Include="app\debugs\Util\DebugUtil.cpp">
      <Filter>Source Files</Filter>
    </ClCompile>
    <ClCompile Include="app\commons\Resource\UserData\Migration\Migration.cpp">
      <Filter>Source Files</Filter>
    </ClCompile>
    <ClCompile Include="app\datastores\MigrationVersion\DBMigrationVersionDataStore.cpp">
      <Filter>Source Files</Filter>
    </ClCompile>
    <ClCompile Include="app\services\Migration\DBMigrationService.cpp">
      <Filter>Source Files</Filter>
    </ClCompile>
    <ClCompile Include="app\factories\Migration\MigrationInjector.cpp">
      <Filter>Source Files</Filter>
    </ClCompile>
    <ClCompile Include="app\datastores\Migration\MigrationDataStore.cpp">
      <Filter>Source Files</Filter>
    </ClCompile>
    <ClCompile Include="app\utils\Migration\Migration.cpp">
      <Filter>Source Files</Filter>
    </ClCompile>
    <ClCompile Include="app\datastores\Migration\Migrations\2021010701_CreateUserTable.cpp">
      <Filter>Source Files</Filter>
    </ClCompile>
    <ClCompile Include="app\utils\DateTime\DateTimeUtil.cpp">
      <Filter>Source Files</Filter>
    </ClCompile>
    <ClCompile Include="tests\tests\utils\Di\DiCatch.cpp">
      <Filter>Source Files</Filter>
    </ClCompile>
    <ClCompile Include="tests\tests\utils\FixedPtr\FixedPtrCatch.cpp">
      <Filter>Source Files</Filter>
    </ClCompile>
    <ClCompile Include="tests\tests\utils\TomlBind\TOMLBindCatch.cpp">
      <Filter>Source Files</Filter>
    </ClCompile>
    <ClCompile Include="tests\tests\utils\DateTime\DateTimeUtilCatch.cpp">
      <Filter>Source Files</Filter>
    </ClCompile>
    <ClCompile Include="tests\tests\utils\DB\DBBindCatch.cpp">
      <Filter>Source Files</Filter>
    </ClCompile>
    <ClCompile Include="app\services\User\UserService.cpp">
      <Filter>Source Files</Filter>
    </ClCompile>
    <ClCompile Include="app\factories\Storage\StorageInjector.cpp">
      <Filter>Source Files</Filter>
    </ClCompile>
    <ClCompile Include="app\commons\Resource\UserData\Storage\Storage.cpp">
      <Filter>Source Files</Filter>
    </ClCompile>
    <ClCompile Include="app\views\UI\PlayerInfo\PlayerInfoVM.cpp">
      <Filter>Source Files</Filter>
    </ClCompile>
    <ClCompile Include="app\views\UI\PlayerInfo\PlayerInfoExVM.cpp">
      <Filter>Source Files</Filter>
    </ClCompile>
    <ClCompile Include="app\views\Actors\Ooparts\base\OopartsView.cpp">
      <Filter>Source Files</Filter>
    </ClCompile>
    <ClCompile Include="app\views\actors\Ooparts\base\IconView.cpp">
      <Filter>Source Files</Filter>
    </ClCompile>
    <ClCompile Include="app\views\Cycle\SaveSelect\BackGround\BackGroundVM.cpp">
      <Filter>Source Files</Filter>
    </ClCompile>
    <ClCompile Include="app\views\Cycle\SaveSelect\SelectFrame\SelectFrameVM.cpp">
      <Filter>Source Files</Filter>
    </ClCompile>
    <ClCompile Include="app\views\Cycle\SaveSelect\UserInfo\UserInfoView.cpp">
      <Filter>Source Files</Filter>
    </ClCompile>
    <ClCompile Include="app\views\Cycle\SaveSelect\UserInfo\PlayerView.cpp">
      <Filter>Source Files</Filter>
    </ClCompile>
    <ClCompile Include="app\views\actors\Ooparts\base\OopartsViewUtil.cpp">
      <Filter>Source Files</Filter>
    </ClCompile>
    <ClCompile Include="app\views\actors\Ooparts\base\SimpleDrawCallbackView.cpp">
      <Filter>Source Files</Filter>
    </ClCompile>
    <ClCompile Include="app\views\Cycle\SaveSelect\UserInfo\OopartsListView.cpp">
      <Filter>Source Files</Filter>
    </ClCompile>
    <ClCompile Include="app\views\util\OutLine\OutLineShader.cpp">
      <Filter>Source Files</Filter>
    </ClCompile>
    <ClCompile Include="app\modules\Cycle\SaveSelect\Main.cpp">
      <Filter>Source Files</Filter>
    </ClCompile>
    <ClCompile Include="app\views\Cycle\Common\Tips\TipsView.cpp">
      <Filter>Source Files</Filter>
    </ClCompile>
    <ClCompile Include="app\scenes\base\ISceneBase.cpp">
      <Filter>Source Files</Filter>
    </ClCompile>
    <ClCompile Include="app\views\Cycle\Common\Loading\LoadingView.cpp">
      <Filter>Source Files</Filter>
    </ClCompile>
    <ClCompile Include="app\modules\Cycle\Common\Loading.cpp">
      <Filter>Source Files</Filter>
    </ClCompile>
    <ClCompile Include="app\commons\Resource\Preload\Manager.cpp">
      <Filter>Source Files</Filter>
    </ClCompile>
    <ClCompile Include="app\commons\Resource\Preload\PreloadInfo.cpp">
      <Filter>Source Files</Filter>
    </ClCompile>
    <ClCompile Include="app\commons\Resource\Preload\Preloader.cpp">
      <Filter>Source Files</Filter>
    </ClCompile>
    <ClCompile Include="app\commons\Resource\Preload\Param.cpp">
      <Filter>Source Files</Filter>
    </ClCompile>
    <ClCompile Include="app\modules\Decor\base\DecorObj.cpp">
      <Filter>Source Files</Filter>
    </ClCompile>
    <ClCompile Include="app\modules\Decor\base\DecorHolder.cpp">
      <Filter>Source Files</Filter>
    </ClCompile>
    <ClCompile Include="app\views\actors\Gimmick\Door\DoorVM.cpp">
      <Filter>Source Files</Filter>
    </ClCompile>
    <ClCompile Include="app\components\Decor\Commons\CustomDraw.cpp">
      <Filter>Source Files</Filter>
    </ClCompile>
    <ClCompile Include="app\utils\Clock\Clock.cpp">
      <Filter>Source Files</Filter>
    </ClCompile>
    <ClCompile Include="app\components\Decor\Commons\ClockCtrl.cpp">
      <Filter>Source Files</Filter>
    </ClCompile>
    <ClCompile Include="app\components\Actors\Commons\ClockCtrl.cpp">
      <Filter>Source Files</Filter>
    </ClCompile>
    <ClCompile Include="app\datastores\Decor\TmxDecorDataStore.cpp">
      <Filter>Source Files</Filter>
    </ClCompile>
    <ClCompile Include="app\datastores\Decor\parser\TmxDecorParser.cpp">
      <Filter>Source Files</Filter>
    </ClCompile>
    <ClCompile Include="app\services\Decor\DecorService.cpp">
      <Filter>Source Files</Filter>
    </ClCompile>
    <ClCompile Include="app\datastores\Decor\base\IAnimationDataStore.cpp">
      <Filter>Source Files</Filter>
    </ClCompile>
    <ClCompile Include="app\datastores\Decor\base\IGraphicsDataStore.cpp">
      <Filter>Source Files</Filter>
    </ClCompile>
    <ClCompile Include="app\datastores\Decor\TmxGraphicsDataStore.cpp">
      <Filter>Source Files</Filter>
    </ClCompile>
    <ClCompile Include="app\datastores\Decor\TmxAnimationDataStore.cpp">
      <Filter>Source Files</Filter>
    </ClCompile>
    <ClCompile Include="app\modules\Decor\DecorGraphics.cpp">
      <Filter>Source Files</Filter>
    </ClCompile>
    <ClCompile Include="app\translators\Decor\DecorTranslator.cpp">
      <Filter>Source Files</Filter>
    </ClCompile>
    <ClCompile Include="app\modules\Decor\DecorBuildUtil.cpp">
      <Filter>Source Files</Filter>
    </ClCompile>
  </ItemGroup>
  <ItemGroup>
    <ResourceCompile Include="Resource.rc">
      <Filter>Resource Files</Filter>
    </ResourceCompile>
  </ItemGroup>
  <ItemGroup>
    <ClInclude Include="app\views\Stage\Bubble\BubbleEffect.hpp">
      <Filter>Source Files\ActionSystem\Stage\Bubble</Filter>
    </ClInclude>
    <ClInclude Include="app\models\Camera\CameraModel.hpp">
      <Filter>Source Files\ActionSystem\Camera</Filter>
    </ClInclude>
    <ClInclude Include="app\views\Camera\CameraView.hpp">
      <Filter>Source Files\ActionSystem\Camera</Filter>
    </ClInclude>
    <ClInclude Include="app\models\Collision\CollisionModel.hpp">
      <Filter>Source Files\ActionSystem\Collision</Filter>
    </ClInclude>
    <ClInclude Include="app\types\CShape.hpp">
      <Filter>Source Files\ActionSystem\Types</Filter>
    </ClInclude>
    <ClInclude Include="app\types\Forward.hpp">
      <Filter>Source Files\ActionSystem\Types</Filter>
    </ClInclude>
    <ClInclude Include="app\types\ColDirection.hpp">
      <Filter>Source Files\ActionSystem\Types</Filter>
    </ClInclude>
    <ClInclude Include="app\types\CollisionPairHash.hpp">
      <Filter>Source Files\ActionSystem\Types</Filter>
    </ClInclude>
    <ClInclude Include="app\commons\Constants.hpp">
      <Filter>Source Files\Commons</Filter>
    </ClInclude>
    <ClInclude Include="app\commons\Fwd.hpp">
      <Filter>Source Files\Commons</Filter>
    </ClInclude>
    <ClInclude Include="app\scenes\base\ISceneBase.hpp">
      <Filter>Source Files\Scene</Filter>
    </ClInclude>
    <ClInclude Include="app\utils\Singleton.hpp">
      <Filter>Source Files\Utils</Filter>
    </ClInclude>
    <ClInclude Include="app\utils\TexturePacker\TexturePacker.hpp">
      <Filter>Source Files\Utils</Filter>
    </ClInclude>
    <ClInclude Include="app\utils\Visitor.hpp">
      <Filter>Source Files\Utils</Filter>
    </ClInclude>
    <ClInclude Include="app\models\Room\RoomModel.hpp">
      <Filter>Source Files\ActionSystem\Room</Filter>
    </ClInclude>
    <ClInclude Include="app\commons\Application\MainApp.hpp">
      <Filter>Source Files\Commons\Appication</Filter>
    </ClInclude>
    <ClInclude Include="app\commons\Application\base\IApplication.hpp">
      <Filter>Source Files\Commons\Appication</Filter>
    </ClInclude>
    <ClInclude Include="app\commons\Game\Game.hpp">
      <Filter>Source Files\Commons\Game</Filter>
    </ClInclude>
    <ClInclude Include="app\entities\Room\RoomEntity.hpp">
      <Filter>Source Files\ActionSystem\Room</Filter>
    </ClInclude>
    <ClInclude Include="app\scenes\Main\MainScene.hpp">
      <Filter>Source Files\Scene\MainScene</Filter>
    </ClInclude>
    <ClInclude Include="app\translators\Enemy\EnemyTranslator.hpp">
      <Filter>Source Files\ActionSystem\Actors\Enemy</Filter>
    </ClInclude>
    <ClInclude Include="app\translators\Map\MapTranslator.hpp">
      <Filter>Source Files\ActionSystem\Actors\Map</Filter>
    </ClInclude>
    <ClInclude Include="app\translators\Room\RoomTranslator.hpp">
      <Filter>Source Files\ActionSystem\Room</Filter>
    </ClInclude>
    <ClInclude Include="app\utils\Mask\MaskUtil.hpp" />
    <ClInclude Include="app\commons\InputManager\InputManager.hpp" />
    <ClInclude Include="app\models\Light\LightModel.hpp" />
    <ClInclude Include="app\views\Light\LightView.hpp" />
    <ClInclude Include="app\views\Light\LightVM.hpp" />
    <ClInclude Include="app\debugs\DebugManager\DebugManager.hpp" />
    <ClInclude Include="app\models\Collision\FixPos.hpp" />
    <ClInclude Include="app\models\Collision\CollisionUtil.hpp" />
    <ClInclude Include="app\types\MapColInfo.hpp" />
    <ClInclude Include="app\models\Actors\Player\Shot\PlayerShotType.hpp" />
    <ClInclude Include="app\commons\ColorDef.hpp" />
    <ClInclude Include="app\utils\StopwatchEx\StopwatchEx.hpp" />
    <ClInclude Include="app\utils\TimerEx\TimerEx.hpp" />
    <ClInclude Include="app\stdafx.hpp" />
    <ClInclude Include="app\utils\TomlBind\TOMLBind.hpp" />
    <ClInclude Include="app\entities\Actors\Gimmick\GimmickEntity.hpp" />
    <ClInclude Include="app\entities\Actors\Gimmick\DoorEntity.hpp" />
    <ClInclude Include="app\entities\Actors\Enemy\CaptainTakoEntity.hpp" />
    <ClInclude Include="app\entities\Actors\Enemy\EnemyEntity.hpp">
      <Filter>Source Files\ActionSystem\Actors\Enemy</Filter>
    </ClInclude>
    <ClInclude Include="app\entities\Actors\Enemy\IkalienEntity.hpp" />
    <ClInclude Include="app\entities\Actors\Enemy\LaunSharkEntity.hpp" />
    <ClInclude Include="app\entities\Actors\Enemy\RollingTakoEntity.hpp" />
    <ClInclude Include="app\entities\Actors\Enemy\SchieldEntity.hpp" />
    <ClInclude Include="app\entities\Actors\Enemy\SlimeEntity.hpp" />
    <ClInclude Include="app\entities\Actors\Map\MapEntity.hpp">
      <Filter>Source Files\ActionSystem\Actors\Map</Filter>
    </ClInclude>
    <ClInclude Include="app\entities\Actors\Gimmick\StartPosEntity.hpp" />
    <ClInclude Include="app\translators\Gimmick\GimmickTranslator.hpp" />
    <ClInclude Include="app\entities\BackGround\BackGroundEntity.hpp" />
    <ClInclude Include="app\datastores\BackGround\base\IBackGroundDataStore.hpp" />
    <ClInclude Include="app\datastores\base\TmxDataStore.hpp" />
    <ClInclude Include="app\datastores\BackGround\TmxBackGroundDataStore.hpp" />
    <ClInclude Include="app\datastores\Room\base\IRoomDataStore.hpp" />
    <ClInclude Include="app\datastores\Room\TmxRoomDataStore.hpp" />
    <ClInclude Include="app\services\Stage\StageService.hpp" />
    <ClInclude Include="app\datastores\Actors\Gimmick\base\IGimmickDataStore.hpp" />
    <ClInclude Include="app\datastores\Actors\Enemy\base\IEnemyDataStore.hpp" />
    <ClInclude Include="app\datastores\Actors\Map\base\IMapDataStore.hpp" />
    <ClInclude Include="app\datastores\Actors\Enemy\TmxEnemyDataStore.hpp" />
    <ClInclude Include="app\datastores\Actors\Gimmick\TmxGimmickDataStore.hpp" />
    <ClInclude Include="app\datastores\Actors\Map\TmxMapDataStore.hpp" />
    <ClInclude Include="app\datastores\Actors\Enemy\parser\TmxEnemyParser.hpp" />
    <ClInclude Include="app\datastores\Actors\Gimmick\parser\TmxGimmickParser.hpp" />
    <ClInclude Include="app\datastores\Actors\Map\parser\TmxMapParser.hpp" />
    <ClInclude Include="app\services\BackGround\base\IBackGroundService.hpp" />
    <ClInclude Include="app\services\BackGround\BackGroundService.hpp" />
    <ClInclude Include="app\translators\BackGround\BackGroundTranslator.hpp" />
    <ClInclude Include="app\views\BackGround\BackGroundView.hpp">
      <Filter>Source Files\ActionSystem\Stage\BackGround</Filter>
    </ClInclude>
    <ClInclude Include="app\views\BackGround\BackGroundVM.hpp">
      <Filter>Source Files\ActionSystem\Stage\BackGround</Filter>
    </ClInclude>
    <ClInclude Include="app\views\BackGround\Wave\WaveShader.hpp" />
    <ClInclude Include="app\services\Stage\base\IStageService.hpp" />
    <ClInclude Include="app\entities\Actors\Enemy\CodeZeroEntity.hpp" />
    <ClInclude Include="app\utils\LoopQueue\LoopQueue.hpp" />
    <ClInclude Include="app\params\Actors\Player\Param.hpp" />
    <ClInclude Include="app\params\Actors\Player\ShotParam.hpp" />
    <ClInclude Include="app\models\Event\Talk\SerifModel.hpp" />
    <ClInclude Include="app\services\Event\Talk\TalkService.hpp" />
    <ClInclude Include="app\entities\Actors\Gimmick\EventTriggerEntity.h" />
    <ClInclude Include="app\utils\EffectEx\EffectEx.hpp" />
    <ClInclude Include="app\utils\IntervalTimer\IntervalTimer.hpp" />
    <ClInclude Include="app\views\util\MaskUtil\MaskUtil.hpp" />
    <ClInclude Include="app\concepts\Actor.hpp" />
    <ClInclude Include="app\concepts\Component.hpp" />
    <ClInclude Include="app\utils\Ref\Ref.hpp" />
    <ClInclude Include="app\models\Actors\base\IDamageCallbackModel.hpp" />
    <ClInclude Include="app\models\Actors\base\IDeadCallbackModel.hpp" />
    <ClInclude Include="app\views\Actors\Common\EnemyDeadEffect.hpp" />
    <ClInclude Include="app\views\Actors\Player\Shot\ShotEffect.hpp">
      <Filter>Source Files\ActionSystem\Actors\Player\Shot</Filter>
    </ClInclude>
    <ClInclude Include="app\views\Actors\Player\Shot\ShotVM.hpp" />
    <ClInclude Include="app\views\Actors\Player\PlayerVM.hpp" />
    <ClInclude Include="app\models\Actors\Commons\CustomDrawModel.hpp" />
    <ClInclude Include="app\debugs\HotReload\HotReload.hpp" />
    <ClInclude Include="app\concepts\Common.hpp" />
    <ClInclude Include="app\utils\Key\InputState\InputState.hpp" />
    <ClInclude Include="app\utils\Key\KeyGroupEx\KeyGroupEx.hpp" />
    <ClInclude Include="app\utils\Key\KeyPovD8\KeyPovD8.hpp" />
    <ClInclude Include="app\debugs\Log\Log.hpp" />
    <ClInclude Include="app\views\Actors\Enemy\CaptainTako\Shot\ShotVM.hpp" />
    <ClInclude Include="app\views\Actors\Enemy\CaptainTako\CpatainTakoVM.hpp" />
    <ClInclude Include="app\views\Actors\Enemy\CodeZero\Body\BodyVM.hpp" />
    <ClInclude Include="app\views\Actors\Enemy\CodeZero\Hand\HandVM.hpp" />
    <ClInclude Include="app\views\Actors\Enemy\CodeZero\Head\HeadVM.hpp" />
    <ClInclude Include="app\views\Actors\Enemy\CodeZero\Shot\ShotChargeEffect.hpp" />
    <ClInclude Include="app\views\Actors\Enemy\CodeZero\Shot\ShotVM.hpp" />
    <ClInclude Include="app\views\Actors\Enemy\Ikalien\IkalienVM.hpp" />
    <ClInclude Include="app\views\Actors\Enemy\LaunShark\Shot\ShotVM.hpp" />
    <ClInclude Include="app\views\Actors\Enemy\LaunShark\LaunSharkVM.hpp" />
    <ClInclude Include="app\views\Actors\Enemy\RollingTako\RollingTakoVM.hpp" />
    <ClInclude Include="app\views\Actors\Enemy\Schield\Shot\ShotVM.hpp" />
    <ClInclude Include="app\views\Actors\Enemy\Schield\SchieldVM.hpp" />
    <ClInclude Include="app\views\Actors\Enemy\Slime\SlimeVM.hpp" />
    <ClInclude Include="app\models\Actors\Gimmick\Door\DoorModel.hpp" />
    <ClInclude Include="app\models\Actors\Gimmick\StartPos\StartPosListModel.hpp" />
    <ClInclude Include="app\models\Actors\Gimmick\StartPos\StartPosModel.hpp" />
    <ClInclude Include="app\params\Actors\Enemy\CaptainTako\Param.hpp" />
    <ClInclude Include="app\params\Actors\Enemy\CaptainTako\ShotParam.hpp" />
    <ClInclude Include="app\params\Actors\Enemy\CodeZero\HandParam.hpp" />
    <ClInclude Include="app\params\Actors\Enemy\CodeZero\Param.hpp" />
    <ClInclude Include="app\params\Actors\Enemy\CodeZero\ShotParam.hpp" />
    <ClInclude Include="app\params\Actors\Enemy\Ikalien\Param.hpp" />
    <ClInclude Include="app\params\Actors\Enemy\LaunShark\Param.hpp" />
    <ClInclude Include="app\params\Actors\Enemy\LaunShark\ShotParam.hpp" />
    <ClInclude Include="app\params\Actors\Enemy\RollingTako\Param.hpp" />
    <ClInclude Include="app\params\Actors\Enemy\Schield\Param.hpp" />
    <ClInclude Include="app\params\Actors\Enemy\Schield\ShotParam.hpp" />
    <ClInclude Include="app\params\Actors\Enemy\Slime\Param.hpp" />
    <ClInclude Include="app\views\util\Fade\Fade.hpp">
      <Filter>Source Files\Scene\Fade</Filter>
    </ClInclude>
    <ClInclude Include="app\utils\AudioSetting\AudioSetting.hpp" />
    <ClInclude Include="app\utils\FileUtil\FileUtil.hpp" />
    <ClInclude Include="app\models\Collision\LayerGroup.hpp" />
    <ClInclude Include="app\concepts\UI.hpp" />
    <ClInclude Include="app\views\UI\BossHPBar\BossHPBarVM.hpp" />
    <ClInclude Include="app\views\Actors\Ooparts\Xto\XtoVM.hpp" />
    <ClInclude Include="app\models\Actors\Ooparts\DrawModel.hpp" />
    <ClInclude Include="app\views\Actors\Common\KiraKiraEffect.hpp" />
    <ClInclude Include="app\utils\Axis2\Axis2.hpp" />
    <ClInclude Include="app\views\Actors\Ooparts\Nyan\NyanVM.hpp" />
    <ClInclude Include="app\entities\Actors\Gimmick\BgmChangerEntity.hpp" />
    <ClInclude Include="app\views\BackGround\WaterSarface\WaterSarfaceView.hpp" />
    <ClInclude Include="app\views\BackGround\Sky\SkyShader.hpp" />
    <ClInclude Include="app\views\BackGround\Sky\SkyView.hpp" />
    <ClInclude Include="app\models\Camera\QuakeModel.hpp" />
    <ClInclude Include="app\views\Actors\Common\BreathEffect.hpp" />
    <ClInclude Include="app\utils\AudioSetting\AudioSettingReader.hpp" />
    <ClInclude Include="app\utils\AudioSetting\AudioSettingGroup.hpp" />
    <ClInclude Include="app\utils\Overloaded.hpp" />
    <ClInclude Include="app\views\UI\DyingEffect\DyingEffectVM.hpp" />
    <ClInclude Include="app\models\Save\RestartInfo\RestartInfoModel.hpp" />
    <ClInclude Include="app\models\Save\KeyFlag\SaveLevel.hpp" />
    <ClInclude Include="app\models\Save\KeyFlag\KeyFlagsModel.hpp" />
    <ClInclude Include="app\views\UI\Serif\CursorVM.hpp" />
    <ClInclude Include="app\views\UI\Serif\MessageBoxVM.hpp" />
    <ClInclude Include="app\views\UI\Serif\MessageVM.hpp" />
    <ClInclude Include="app\models\Collision\MapCollisionModel.hpp" />
    <ClInclude Include="app\models\GlobalTime\GlobalTimeScaleModel.hpp" />
    <ClInclude Include="app\scenes\Title\TitleScene.hpp" />
    <ClInclude Include="app\scenes\Splash\SplashScene.hpp" />
    <ClInclude Include="app\views\Cycle\Splash\Logo\LogoVM.hpp" />
    <ClInclude Include="app\models\Cycle\Splash\MainModel.hpp" />
    <ClInclude Include="app\models\Cycle\Splash\Logo\LogoModel.hpp" />
    <ClInclude Include="app\params\Cycle\Splash\Param.hpp" />
    <ClInclude Include="app\scenes\OpDemo\OpDemoScene.hpp" />
    <ClInclude Include="app\views\Cycle\Title\Logo\LogoVM.hpp" />
    <ClInclude Include="app\views\Cycle\Title\BackGround\BackGroundVM.hpp" />
    <ClInclude Include="app\models\Cycle\Title\Logo\LogoModel.hpp" />
    <ClInclude Include="app\params\Cycle\Title\LogoParam.hpp" />
    <ClInclude Include="app\models\Cycle\Title\BackGround\BackGroundModel.hpp" />
    <ClInclude Include="app\views\Cycle\Title\BackGround\AtlantisVM.hpp" />
    <ClInclude Include="app\params\Cycle\Title\BgParam.hpp" />
    <ClInclude Include="app\views\Actors\Ooparts\base\IDrawCallbackView.hpp" />
    <ClInclude Include="app\views\Actors\Ooparts\base\ActDrawCallbackView.hpp" />
    <ClInclude Include="app\components\base\Components.hpp" />
    <ClInclude Include="app\components\base\IComponent.hpp" />
    <ClInclude Include="app\components\Actors\God\PauseCtrl.hpp" />
    <ClInclude Include="app\components\Actors\Ooparts\Draw.hpp" />
    <ClInclude Include="app\components\Actors\Ooparts\PursuitCtrl.hpp" />
    <ClInclude Include="app\components\Actors\Gimmick\EventTrigger\Main.hpp" />
    <ClInclude Include="app\components\Actors\Enemy\DamageCallback.hpp" />
    <ClInclude Include="app\components\Actors\Enemy\DeadCallback.hpp" />
    <ClInclude Include="app\components\Actors\Enemy\Slime\State\BaseState.hpp" />
    <ClInclude Include="app\components\Actors\Enemy\Slime\State\JumpState.hpp" />
    <ClInclude Include="app\components\Actors\Enemy\Slime\State\WalkState.hpp" />
    <ClInclude Include="app\components\Actors\Enemy\Slime\DeadCallback.hpp" />
    <ClInclude Include="app\components\Actors\Enemy\Slime\SenserCtrl.hpp" />
    <ClInclude Include="app\components\Actors\utils\ActorUtils.hpp" />
    <ClInclude Include="app\components\Actors\Player\Shot\State\BaseState.hpp" />
    <ClInclude Include="app\components\Actors\Player\State\BaseState.hpp" />
    <ClInclude Include="app\components\Actors\Player\State\DamageState.hpp" />
    <ClInclude Include="app\components\Actors\Player\State\DeadState.hpp" />
    <ClInclude Include="app\components\Actors\Player\State\LadderState.hpp" />
    <ClInclude Include="app\components\Actors\Player\State\SwimState.hpp" />
    <ClInclude Include="app\components\Actors\Player\AttackCtrl.hpp" />
    <ClInclude Include="app\components\Actors\Player\ChargeCtrl.hpp" />
    <ClInclude Include="app\components\Actors\Player\DebugCtrl.hpp" />
    <ClInclude Include="app\components\Actors\Player\OopartsCtrl.hpp" />
    <ClInclude Include="app\components\Actors\Player\RestartCtrl.hpp" />
    <ClInclude Include="app\components\Actors\Player\RoomMoveChecker.hpp" />
    <ClInclude Include="app\components\Actors\Player\UICtrl.hpp" />
    <ClInclude Include="app\components\Actors\Player\Shot\Collider.hpp" />
    <ClInclude Include="app\components\Actors\Player\Shot\PlayerShot.hpp" />
    <ClInclude Include="app\components\Actors\Enemy\CaptainTako\Shot\State\BaseState.hpp" />
    <ClInclude Include="app\components\Actors\Enemy\CaptainTako\State\AttackState.hpp" />
    <ClInclude Include="app\components\Actors\Enemy\CaptainTako\State\BaseState.hpp" />
    <ClInclude Include="app\components\Actors\Enemy\CaptainTako\State\ChargeState.hpp" />
    <ClInclude Include="app\components\Actors\Enemy\CaptainTako\State\WaitState.hpp" />
    <ClInclude Include="app\components\Actors\Enemy\Ikalien\State\BaseState.hpp" />
    <ClInclude Include="app\components\Actors\Enemy\Ikalien\State\PursuitState.hpp" />
    <ClInclude Include="app\components\Actors\Enemy\Ikalien\State\SwimState.hpp" />
    <ClInclude Include="app\components\Actors\Enemy\Ikalien\State\WaitState.hpp" />
    <ClInclude Include="app\components\Actors\Enemy\LaunShark\Shot\State\BaseState.hpp" />
    <ClInclude Include="app\components\Actors\Enemy\LaunShark\Shot\State\FiringedState.hpp" />
    <ClInclude Include="app\components\Actors\Enemy\LaunShark\Shot\State\PursuitState.hpp" />
    <ClInclude Include="app\components\Actors\Enemy\LaunShark\Shot\State\StartState.hpp" />
    <ClInclude Include="app\components\Actors\Enemy\LaunShark\Shot\State\WaitState.hpp" />
    <ClInclude Include="app\components\Actors\Enemy\LaunShark\State\AttackState.hpp" />
    <ClInclude Include="app\components\Actors\Enemy\LaunShark\State\BaseState.hpp" />
    <ClInclude Include="app\components\Actors\Enemy\LaunShark\State\LauncherState.hpp" />
    <ClInclude Include="app\components\Actors\Enemy\LaunShark\State\SwimState.hpp" />
    <ClInclude Include="app\components\Actors\Enemy\Schield\Shot\State\BaseState.hpp" />
    <ClInclude Include="app\components\Actors\Enemy\Schield\State\AttackCrossState.hpp" />
    <ClInclude Include="app\components\Actors\Enemy\Schield\State\AttackPlusState.hpp" />
    <ClInclude Include="app\components\Actors\Enemy\Schield\State\BaseState.hpp" />
    <ClInclude Include="app\components\Actors\Enemy\Schield\State\WaitState.hpp" />
    <ClInclude Include="app\components\Actors\Enemy\RollingTako\State\BaseState.hpp" />
    <ClInclude Include="app\components\Actors\Enemy\RollingTako\State\RunState.hpp" />
    <ClInclude Include="app\components\Actors\Enemy\RollingTako\State\WaitState.hpp" />
    <ClInclude Include="app\components\Actors\Enemy\Schield\FaceCtrl.hpp" />
    <ClInclude Include="app\components\Actors\Enemy\CodeZero\Hand\State\AttackState.hpp" />
    <ClInclude Include="app\components\Actors\Enemy\CodeZero\Hand\State\AttakWaitState.hpp" />
    <ClInclude Include="app\components\Actors\Enemy\CodeZero\Hand\State\BaseState.hpp" />
    <ClInclude Include="app\components\Actors\Enemy\CodeZero\Hand\State\PursuitState.hpp" />
    <ClInclude Include="app\components\Actors\Enemy\CodeZero\Hand\State\ShotChargeState.hpp" />
    <ClInclude Include="app\components\Actors\Enemy\CodeZero\Head\State\BaseState.hpp" />
    <ClInclude Include="app\components\Actors\Enemy\CodeZero\Shot\State\BaseState.hpp" />
    <ClInclude Include="app\components\Actors\Enemy\CodeZero\Shot\State\PursuitEndState.hpp" />
    <ClInclude Include="app\components\Actors\Enemy\CodeZero\Shot\State\PursuitState.hpp" />
    <ClInclude Include="app\components\Actors\Enemy\CodeZero\Shot\State\WaitState.hpp" />
    <ClInclude Include="app\components\Actors\Enemy\CodeZero\State\BaseState.hpp" />
    <ClInclude Include="app\components\Actors\Enemy\CodeZero\State\Phase1State.hpp" />
    <ClInclude Include="app\components\Actors\Enemy\CodeZero\State\Phase2State.hpp" />
    <ClInclude Include="app\components\Actors\Enemy\CodeZero\State\Phase3State.hpp" />
    <ClInclude Include="app\components\Actors\Enemy\CodeZero\Hand\HandCtrl.hpp" />
    <ClInclude Include="app\components\Actors\Enemy\CodeZero\Hand\KindCtrl.hpp" />
    <ClInclude Include="app\components\Actors\Enemy\CodeZero\ParentCtrl.hpp" />
    <ClInclude Include="app\components\Actors\Enemy\CodeZero\PartsCtrl.hpp" />
    <ClInclude Include="app\components\Actors\Enemy\CodeZero\Head\DamageCtrl.hpp" />
    <ClInclude Include="app\components\Actors\Enemy\CodeZero\Head\HeadCtrl.hpp" />
    <ClInclude Include="app\components\Actors\Commons\AudioSource.hpp" />
    <ClInclude Include="app\components\Actors\Commons\TimeCounter.hpp" />
    <ClInclude Include="app\components\Actors\Commons\OutRoomChecker.hpp" />
    <ClInclude Include="app\components\Actors\Commons\Terrain.hpp" />
    <ClInclude Include="app\components\Actors\Commons\MapCollider.hpp" />
    <ClInclude Include="app\components\Actors\Commons\Foot.hpp" />
    <ClInclude Include="app\components\Actors\Commons\FallChecker.hpp" />
    <ClInclude Include="app\components\Actors\Commons\DeadCheacker.hpp" />
    <ClInclude Include="app\components\Actors\Commons\DeadOnHItReceiver.hpp" />
    <ClInclude Include="app\components\Actors\Commons\CustomDraw.hpp" />
    <ClInclude Include="app\components\Actors\Commons\CameraFixPos.hpp" />
    <ClInclude Include="app\components\Actors\Commons\CustomCollider.hpp" />
    <ClInclude Include="app\components\Actors\Commons\DamageCtrl.hpp" />
    <ClInclude Include="app\components\Actors\Commons\BreathingCtrl.hpp" />
    <ClInclude Include="app\components\Actors\Commons\ViewCtrl.hpp" />
    <ClInclude Include="app\components\Actors\Commons\RotateCtrl.hpp" />
    <ClInclude Include="app\components\Actors\Commons\HP.hpp" />
    <ClInclude Include="app\components\Actors\Commons\StateCtrl.hpp" />
    <ClInclude Include="app\components\Actors\Commons\ScaleCtrl.hpp" />
    <ClInclude Include="app\components\Actors\Commons\Body.hpp" />
    <ClInclude Include="app\components\Actors\Commons\BodyUpdater.hpp" />
    <ClInclude Include="app\components\Actors\base\IUpdate.hpp" />
    <ClInclude Include="app\components\Actors\base\IPreUpdate.hpp" />
    <ClInclude Include="app\components\Actors\base\IMove.hpp" />
    <ClInclude Include="app\components\Actors\base\IPrePhysics.hpp" />
    <ClInclude Include="app\components\Actors\base\IPhysics.hpp" />
    <ClInclude Include="app\components\Actors\base\ICollider.hpp" />
    <ClInclude Include="app\components\Actors\base\IDraw.hpp" />
    <ClInclude Include="app\components\Actors\base\ILastUpdate.hpp" />
    <ClInclude Include="app\components\Actors\base\IPreDraw.hpp" />
    <ClInclude Include="app\components\Actors\base\IDeadCallback.hpp" />
    <ClInclude Include="app\components\Actors\base\IDamageCallback.hpp" />
    <ClInclude Include="app\utils\CatmullRomSpline\CatmullRomSpline.hpp" />
    <ClInclude Include="app\components\Actors\Commons\LightCtrl.hpp" />
    <ClInclude Include="app\views\Cycle\Title\Cursor\CursorVM.hpp" />
    <ClInclude Include="app\utils\EnumTraits\EnumTraits.hpp" />
    <ClInclude Include="app\views\Cycle\Title\Cursor\Shot\ShotVM.hpp" />
    <ClInclude Include="app\scenes\SaveSelect\SaveSelectScene.hpp" />
    <ClInclude Include="app\views\Actors\Player\Xto\XtoAtkVM.hpp" />
    <ClInclude Include="app\types\UserPlayMode.hpp" />
    <ClInclude Include="app\entities\User\UserEntity.hpp" />
    <ClInclude Include="app\datastores\User\base\IUserDataStore.hpp" />
    <ClInclude Include="app\views\UI\Fade\IrisOut\IrisOutVM.hpp" />
    <ClInclude Include="app\commons\UserData\Manager\Manager.hpp" />
    <ClInclude Include="app\datastores\User\DBUserDataStore.hpp" />
    <ClInclude Include="app\commons\Path.hpp" />
    <ClInclude Include="app\commons\Resource\UserData\Manager\Manager.hpp" />
    <ClInclude Include="app\commons\Resource\SaveUtil.hpp" />
    <ClInclude Include="app\datastores\base\DBDataStore.hpp" />
    <ClInclude Include="app\utils\Coro\Task\Task.hpp" />
    <ClInclude Include="app\utils\Coro\Wait\Wait.hpp" />
    <ClInclude Include="app\components\Actors\Commons\BehaviorCtrl.hpp" />
    <ClInclude Include="app\components\Actors\utils\BehaviorUtil.hpp" />
    <ClInclude Include="app\components\Actors\Enemy\CodeZero\Behavior.hpp" />
    <ClInclude Include="app\commons\Resource\Assets\Assets.hpp" />
    <ClInclude Include="app\models\Collision\Tag.hpp" />
    <ClInclude Include="app\components\Actors\Map\Ladder\LadderProxy.hpp" />
    <ClInclude Include="app\components\base\ComponentMapping.hpp" />
    <ClInclude Include="app\components\Actors\Commons\AttackerData.hpp" />
    <ClInclude Include="app\components\Actors\Commons\ReceiverData.hpp" />
    <ClInclude Include="app\utils\FixedPtr\FixedPtr.hpp" />
    <ClInclude Include="app\factories\Main\MainInjector.hpp" />
    <ClInclude Include="app\components\Actors\Gimmick\Door\DoorProxy.hpp" />
    <ClInclude Include="app\components\Actors\base\ICollision.hpp" />
    <ClInclude Include="app\components\Actors\Commons\CollisionCtrl.hpp" />
    <ClInclude Include="app\components\Actors\base\IPreCollision.hpp" />
    <ClInclude Include="app\components\Actors\Player\Shot\Builder.hpp" />
    <ClInclude Include="app\components\Actors\God\Builder.hpp" />
    <ClInclude Include="app\components\Actors\Ooparts\CommonBuilder.hpp" />
    <ClInclude Include="app\components\Actors\Ooparts\Nyan\Builder.hpp" />
    <ClInclude Include="app\components\Actors\Ooparts\Xto\Builder.hpp" />
    <ClInclude Include="app\components\Actors\Gimmick\EventTrigger\Builder.hpp" />
    <ClInclude Include="app\components\Actors\Gimmick\Door\Builder.hpp" />
    <ClInclude Include="app\components\Actors\Map\CommonBuilder.hpp" />
    <ClInclude Include="app\components\Actors\Map\MapProxy.hpp" />
    <ClInclude Include="app\components\Actors\Map\Floor\Builder.hpp" />
    <ClInclude Include="app\components\Actors\Map\Ladder\Builder.hpp" />
    <ClInclude Include="app\components\Actors\Map\PenetrateFloor\Builder.hpp" />
    <ClInclude Include="app\components\Actors\Map\PenetrateFloor\PenetrateFloorProxy.hpp" />
    <ClInclude Include="app\components\Actors\Enemy\CommonBuilder.hpp" />
    <ClInclude Include="app\components\Actors\Enemy\Slime\Builder.hpp" />
    <ClInclude Include="app\components\Actors\Enemy\Slime\Sensor\Builder.hpp" />
    <ClInclude Include="app\components\Actors\Enemy\Slime\Sensor\MainUpdate.hpp" />
    <ClInclude Include="app\components\Actors\Enemy\Slime\Sensor\ParentCtrl.hpp" />
    <ClInclude Include="app\components\Actors\Commons\Colliders\PointCollider.hpp" />
    <ClInclude Include="app\components\Actors\Enemy\Schield\Builder.hpp" />
    <ClInclude Include="app\components\Actors\Enemy\Schield\Shot\Builder.hpp" />
    <ClInclude Include="app\components\Actors\Commons\Colliders\CircleCollider.hpp" />
    <ClInclude Include="app\components\Actors\base\ILocator.hpp" />
    <ClInclude Include="app\components\Actors\Commons\Locator.hpp" />
    <ClInclude Include="app\components\Actors\Enemy\Schield\Shell\Builder.hpp" />
    <ClInclude Include="app\components\Actors\Enemy\Schield\ShellCtrl.hpp" />
    <ClInclude Include="app\components\Actors\Enemy\RollingTako\Builder.hpp" />
    <ClInclude Include="app\components\Actors\Enemy\LaunShark\Shot\Builder.hpp" />
    <ClInclude Include="app\components\Actors\Enemy\LaunShark\Builder.hpp" />
    <ClInclude Include="app\components\Actors\Enemy\Ikalien\Builder.hpp" />
    <ClInclude Include="app\components\Actors\Enemy\CaptainTako\Builder.hpp" />
    <ClInclude Include="app\components\Actors\Enemy\CaptainTako\Shot\Builder.hpp" />
    <ClInclude Include="app\components\Actors\Enemy\CodeZero\Shot\Builder.hpp" />
    <ClInclude Include="app\components\Actors\Enemy\CodeZero\Head\Builder.hpp" />
    <ClInclude Include="app\components\Actors\Enemy\CodeZero\Hand\Builder.hpp" />
    <ClInclude Include="app\components\Actors\Enemy\CodeZero\Hand\HandProxy.h" />
    <ClInclude Include="app\components\Actors\Enemy\CodeZero\CodeZeroProxy.hpp" />
    <ClInclude Include="app\components\Actors\Enemy\CodeZero\Demo\Builder.hpp" />
    <ClInclude Include="app\components\Actors\Enemy\CodeZero\Demo\DemoCtrl.hpp" />
    <ClInclude Include="app\components\Actors\Player\Builder.hpp" />
    <ClInclude Include="app\components\Actors\Player\PlayerProxy.hpp" />
    <ClInclude Include="app\modules\World\World.hpp">
      <Filter>Source Files\ActionSystem\World</Filter>
    </ClInclude>
    <ClInclude Include="app\modules\Actors\base\ActorsHolder.hpp">
      <Filter>Source Files\ActionSystem\Actors</Filter>
    </ClInclude>
    <ClInclude Include="app\modules\Actors\base\IActor.hpp">
      <Filter>Source Files\ActionSystem\Actors</Filter>
    </ClInclude>
    <ClInclude Include="app\modules\Actors\base\IActor.ipp" />
    <ClInclude Include="app\modules\Actors\base\Tag.hpp" />
    <ClInclude Include="app\modules\Actors\Player\PlayerManager.hpp" />
    <ClInclude Include="app\modules\BackGround\BackGround.hpp" />
    <ClInclude Include="app\modules\Camera\CameraWork\base\ICameraWork.hpp">
      <Filter>Source Files\ActionSystem\Camera\CameraWork</Filter>
    </ClInclude>
    <ClInclude Include="app\modules\Camera\Quake\Quake.hpp" />
    <ClInclude Include="app\modules\Camera\Camera.hpp">
      <Filter>Source Files\ActionSystem\Camera</Filter>
    </ClInclude>
    <ClInclude Include="app\modules\Cron\base\Batch.hpp" />
    <ClInclude Include="app\modules\Cron\base\BatchHolder.hpp" />
    <ClInclude Include="app\modules\Cron\Cron.hpp" />
    <ClInclude Include="app\modules\Cycle\Splash\Logo\Logo.hpp" />
    <ClInclude Include="app\modules\Cycle\Splash\Main.hpp" />
    <ClInclude Include="app\modules\Cycle\Title\BackGround\BackGround.hpp" />
    <ClInclude Include="app\modules\Cycle\Title\Cursor\Cursor.hpp" />
    <ClInclude Include="app\modules\Cycle\Title\Cursor\Shot.hpp" />
    <ClInclude Include="app\modules\Cycle\Title\Logo\Logo.hpp" />
    <ClInclude Include="app\modules\Cycle\Title\Main.hpp" />
    <ClInclude Include="app\modules\Decor\Decor.hpp" />
    <ClInclude Include="app\modules\Effects\Effects.hpp" />
    <ClInclude Include="app\modules\Event\base\IEvent.hpp" />
    <ClInclude Include="app\modules\Event\Events.hpp" />
    <ClInclude Include="app\modules\GlobalTime\GlobalTime.hpp" />
    <ClInclude Include="app\modules\Light\Light.hpp" />
    <ClInclude Include="app\modules\Manager\Manager.hpp" />
    <ClInclude Include="app\modules\Master\Master.hpp" />
    <ClInclude Include="app\modules\Save\Save.hpp" />
    <ClInclude Include="app\modules\Save\SaveData.hpp" />
    <ClInclude Include="app\modules\Sound\Sound.hpp" />
    <ClInclude Include="app\modules\Stage\Stage.hpp">
      <Filter>Source Files\ActionSystem\Stage</Filter>
    </ClInclude>
    <ClInclude Include="app\modules\Stage\StageData.hpp" />
    <ClInclude Include="app\modules\System\System.hpp">
      <Filter>Source Files\ActionSystem</Filter>
    </ClInclude>
    <ClInclude Include="app\modules\UI\base\IUserInterface.hpp" />
    <ClInclude Include="app\modules\UI\base\UserInterfaceHolder.hpp" />
    <ClInclude Include="app\modules\UI\UI.hpp" />
    <ClInclude Include="app\modules\UI\UIOrder.hpp" />
    <ClInclude Include="app\components\Crons\base\IJob.hpp" />
    <ClInclude Include="app\components\Crons\base\IScheduler.hpp" />
    <ClInclude Include="app\components\Crons\BubbleGenerator\Builder.hpp" />
    <ClInclude Include="app\components\Crons\BubbleGenerator\Generator.hpp" />
    <ClInclude Include="app\modules\GameObject\GameObject.ipp" />
    <ClInclude Include="app\components\Crons\Commons\IntervalTimeScheduler.hpp" />
    <ClInclude Include="app\components\Crons\Commons\OnceScheduler.hpp" />
    <ClInclude Include="app\concepts\Cron.hpp" />
    <ClInclude Include="app\components\UI\base\IUpdate.hpp" />
    <ClInclude Include="app\components\UI\base\IDraw.hpp" />
    <ClInclude Include="app\components\UI\BossHPBar\Builder.hpp" />
    <ClInclude Include="app\components\UI\BossHPBar\Main.hpp" />
    <ClInclude Include="app\components\UI\DyingEffect\Builder.hpp" />
    <ClInclude Include="app\components\UI\DyingEffect\Main.hpp" />
    <ClInclude Include="app\components\UI\PlayerInfo\Builder.hpp" />
    <ClInclude Include="app\components\UI\PlayerInfo\Main.hpp" />
    <ClInclude Include="app\components\UI\Fade\IrisOut\Builder.hpp" />
    <ClInclude Include="app\components\UI\Fade\IrisOut\FadeCtrl.hpp" />
    <ClInclude Include="app\components\UI\Common\ViewCtrl.hpp" />
    <ClInclude Include="app\components\UI\BossHPBar\HPGaugeCtrl.hpp" />
    <ClInclude Include="app\components\Events\Common\StreamHandler.hpp" />
    <ClInclude Include="app\components\Events\base\IStream.hpp" />
    <ClInclude Include="app\components\Events\GameReady\MainStream.hpp" />
    <ClInclude Include="app\components\Events\Common\FadeIrisOut.hpp" />
    <ClInclude Include="app\components\Events\GameReady\Builder.hpp" />
    <ClInclude Include="app\concepts\Event.hpp" />
    <ClInclude Include="app\components\Events\GamePause\Builder.hpp" />
    <ClInclude Include="app\components\Events\GamePause\MainStream.hpp" />
    <ClInclude Include="app\components\Events\GameRestart\Builder.hpp" />
    <ClInclude Include="app\components\Events\GameRestart\MainStream.hpp" />
    <ClInclude Include="app\components\Events\Common\GlobalTimeCtrl.hpp" />
    <ClInclude Include="app\components\Events\base\IGlobalTimeScale.hpp" />
    <ClInclude Include="app\components\Events\base\IUpdate.hpp" />
    <ClInclude Include="app\components\Events\base\ILastUpdate.hpp" />
    <ClInclude Include="app\components\Events\RoomMove\RoomMoveCtrl.hpp" />
    <ClInclude Include="app\components\Events\RoomMove\IRoomMoveCallback.hpp" />
    <ClInclude Include="app\components\Events\RoomMove\BasicMove\RoomMoveCallback.hpp" />
    <ClInclude Include="app\components\Events\RoomMove\BasicMove\Builder.hpp" />
    <ClInclude Include="app\components\Events\RoomMove\DoorMove\Builder.hpp" />
    <ClInclude Include="app\components\Events\RoomMove\DoorMove\RoomMoveCallback.hpp" />
    <ClInclude Include="app\components\UI\Serif\Builder.hpp" />
    <ClInclude Include="app\components\UI\Serif\Main.hpp" />
    <ClInclude Include="app\components\Events\Talk\Builder.hpp" />
    <ClInclude Include="app\components\Events\Talk\TalkCtrl.hpp" />
    <ClInclude Include="app\modules\Event\Talk\TalkObj.hpp" />
    <ClInclude Include="app\components\Events\Talk\BossTalk0_0\Build.hpp" />
    <ClInclude Include="app\components\Events\Talk\TriggerFactory.hpp" />
    <ClInclude Include="app\components\Events\Talk\Common\Serif\SerifCtrl.hpp" />
    <ClInclude Include="app\models\Event\Talk\FaceTableModel.hpp" />
    <ClInclude Include="app\components\Events\Talk\Common\Serif\FaceTable.hpp" />
    <ClInclude Include="app\components\Events\Talk\base\ITalker.hpp" />
    <ClInclude Include="app\components\Events\Talk\Common\TalkHandler.hpp" />
    <ClInclude Include="app\components\Events\CreateBossHPBar\MainStream.hpp" />
    <ClInclude Include="app\components\Events\CreateBossHPBar\Builder.hpp" />
    <ClInclude Include="app\components\Events\Talk\BossTalk0_0\Setup\Setup.hpp" />
    <ClInclude Include="app\components\Events\Talk\BossTalk0_0\Teardown\Teardown.hpp" />
    <ClInclude Include="app\components\Events\Talk\BossTalk0_0\BossMove\BossMove.hpp" />
    <ClInclude Include="app\components\Actors\base\IPostUpdate.hpp" />
    <ClInclude Include="app\components\Actors\base\IPostPhysics.hpp" />
    <ClInclude Include="app\components\Actors\base\IPostCollision.hpp" />
    <ClInclude Include="app\components\base\Executer.hpp" />
    <ClInclude Include="app\components\base\ExecuteSorter.hpp" />
    <ClInclude Include="app\components\Actors\Player\GimmickReactCtrl.hpp" />
    <ClInclude Include="app\components\Actors\Player\IGimmickReacter.hpp" />
    <ClInclude Include="app\components\Actors\Gimmick\Door\GimmickReacter.hpp" />
    <ClInclude Include="app\components\Actors\Player\State\DoorInState.hpp" />
    <ClInclude Include="app\components\Actors\base\IStateCallback.hpp" />
    <ClInclude Include="app\components\Actors\Player\StateChecker.hpp" />
    <ClInclude Include="app\components\Actors\utils\StatePriority.hpp" />
    <ClInclude Include="app\components\Actors\Player\DamageCallback.hpp" />
    <ClInclude Include="app\components\Actors\Player\ForwardCtrl.hpp" />
    <ClInclude Include="app\components\Actors\Player\MoveSwim.hpp" />
    <ClInclude Include="app\debugs\Menu\Menu.hpp" />
    <ClInclude Include="app\debugs\Util\DebugUtil.hpp" />
    <ClInclude Include="app\models\Collision\CollisionLayerMatrix.hpp" />
    <ClInclude Include="app\utils\Coro\Enumerator\Enumerator.hpp" />
    <ClInclude Include="app\commons\Resource\UserData\Migration\Migration.hpp" />
    <ClInclude Include="app\datastores\MigrationVersion\base\IMigrationVersionDataStore.hpp" />
    <ClInclude Include="app\datastores\MigrationVersion\DBMigrationVersionDataStore.hpp" />
    <ClInclude Include="app\datastores\Migration\base\IMigrationDataStore.hpp" />
    <ClInclude Include="app\services\Migration\base\IMigrationService.hpp" />
    <ClInclude Include="app\services\Migration\DBMigrationService.hpp" />
    <ClInclude Include="app\factories\Migration\MigrationInjector.hpp" />
    <ClInclude Include="app\datastores\Migration\MigrationDataStore.hpp" />
    <ClInclude Include="app\utils\Migration\Migration.hpp" />
    <ClInclude Include="app\utils\Enum\EnumTraits.hpp" />
    <ClInclude Include="app\utils\DateTime\DateTimeUtil.hpp" />
    <ClInclude Include="app\utils\DB\DBBind.hpp" />
    <ClInclude Include="app\utils\DB\DBUtil.hpp" />
    <ClInclude Include="app\utils\DB\DBBindDef.hpp" />
    <ClInclude Include="app\commons\Resource\UserData\Storage\Storage.hpp" />
    <ClInclude Include="app\services\User\UserService.hpp" />
    <ClInclude Include="app\models\User\UserModel.hpp" />
    <ClInclude Include="app\services\User\base\IUserService.hpp" />
    <ClInclude Include="app\factories\Storage\StorageInjector.hpp" />
    <ClInclude Include="app\views\UI\PlayerInfo\PlayerInfoVM.hpp" />
    <ClInclude Include="app\commons\FontName.hpp" />
    <ClInclude Include="app\params\UI\PlayerInfo\Param.hpp" />
    <ClInclude Include="app\views\UI\PlayerInfo\PlayerInfoExVM.hpp" />
    <ClInclude Include="app\types\OopartsType.hpp" />
    <ClInclude Include="app\views\actors\Ooparts\base\BaseVM.hpp" />
    <ClInclude Include="app\views\Actors\Ooparts\base\OopartsView.hpp" />
    <ClInclude Include="app\views\actors\Ooparts\base\IconView.hpp" />
    <ClInclude Include="app\views\Cycle\SaveSelect\BackGround\BackGroundVM.hpp" />
    <ClInclude Include="app\params\Cycle\SaveSelect\Param.hpp" />
    <ClInclude Include="app\views\Cycle\SaveSelect\SelectFrame\SelectFrameVM.hpp" />
    <ClInclude Include="app\views\Cycle\SaveSelect\UserInfo\UserInfoView.hpp" />
    <ClInclude Include="app\params\Cycle\SaveSelect\UserInfoParam.hpp" />
    <ClInclude Include="app\views\Cycle\SaveSelect\UserInfo\PlayerView.hpp" />
    <ClInclude Include="app\views\actors\Ooparts\base\OopartsViewUtil.hpp" />
    <ClInclude Include="app\views\actors\Ooparts\base\SimpleDrawCallbackView.hpp" />
    <ClInclude Include="app\views\Cycle\SaveSelect\UserInfo\OopartsListView.hpp" />
    <ClInclude Include="app\views\util\OutLine\OutLineShader.hpp" />
    <ClInclude Include="app\modules\Cycle\SaveSelect\Main.hpp" />
    <ClInclude Include="app\utils\Hierarchy\Hierarchy.hpp" />
    <ClInclude Include="app\views\Cycle\Common\Tips\TipsView.hpp" />
    <ClInclude Include="app\params\Cycle\Common\FooterParam.hpp" />
    <ClInclude Include="app\views\Cycle\Common\Loading\LoadingView.hpp" />
    <ClInclude Include="app\params\Cycle\Common\LoadingParam.hpp" />
    <ClInclude Include="app\modules\Cycle\Common\Loading.hpp" />
    <ClInclude Include="app\utils\Coro\Generator\Generator.hpp" />
    <ClInclude Include="app\commons\Resource\Preload\Manager.hpp" />
    <ClInclude Include="app\commons\Resource\Preload\Preloader.hpp" />
    <ClInclude Include="app\commons\Resource\Preload\PreloadInfo.hpp" />
    <ClInclude Include="app\commons\Resource\Preload\Param.hpp" />
    <ClInclude Include="app\modules\Decor\base\DecorObj.hpp" />
    <ClInclude Include="app\modules\Decor\base\DecorHolder.hpp" />
    <ClInclude Include="app\concepts\Decor.hpp" />
    <ClInclude Include="app\views\actors\Gimmick\Door\DoorVM.hpp" />
    <ClInclude Include="app\components\Decor\base\IDraw.hpp" />
    <ClInclude Include="app\components\Decor\base\IUpdate.hpp" />
    <ClInclude Include="app\components\Decor\Commons\CustomDraw.hpp" />
    <ClInclude Include="app\components\Decor\Gimmick\Door\Builder.hpp" />
    <ClInclude Include="app\utils\Clock\Clock.hpp" />
    <ClInclude Include="app\components\Decor\Commons\ClockCtrl.hpp" />
    <ClInclude Include="app\components\Actors\Commons\ClockCtrl.hpp" />
    <ClInclude Include="app\entities\Decor\DecorEntity.hpp" />
    <ClInclude Include="app\entities\Decor\Common\CommonEntity.hpp" />
    <ClInclude Include="app\entities\Decor\City\StreetLightEntity.hpp" />
    <ClInclude Include="app\entities\Decor\DecorGroup.hpp" />
    <ClInclude Include="app\datastores\Decor\base\IDecorDataStore.hpp" />
    <ClInclude Include="app\datastores\Decor\TmxDecorDataStore.hpp" />
    <ClInclude Include="app\entities\Decor\DecorType.hpp" />
    <ClInclude Include="app\datastores\Decor\parser\TmxDecorParser.hpp" />
    <ClInclude Include="app\entities\Decor\Map\CommonEntity.hpp" />
    <ClInclude Include="app\entities\Decor\Gimmick\DoorEntity.hpp" />
    <ClInclude Include="app\services\Decor\base\IDecorService.hpp" />
    <ClInclude Include="app\services\Decor\DecorService.hpp" />
    <ClInclude Include="app\entities\Decor\AnimationEntity.hpp" />
    <ClInclude Include="app\entities\Decor\GraphicsEntity.hpp" />
    <ClInclude Include="app\datastores\Decor\base\IAnimationDataStore.hpp" />
    <ClInclude Include="app\datastores\Decor\base\IGraphicsDataStore.hpp" />
    <ClInclude Include="app\datastores\Decor\TmxAnimationDataStore.hpp" />
    <ClInclude Include="app\datastores\Decor\TmxGraphicsDataStore.hpp" />
    <ClInclude Include="app\modules\Decor\DecorGraphics.hpp" />
    <ClInclude Include="app\translators\Decor\DecorTranslator.hpp" />
    <ClInclude Include="app\modules\Decor\DecorBuildUtil.hpp" />
  </ItemGroup>
  <ItemGroup>
    <None Include="app\components\Actors\Enemy\CodeZero\Builder.hpp" />
    <None Include="app\modules\GameObject\GameObject.hpp" />
  </ItemGroup>
</Project>